// !$*UTF8*$!
{
	archiveVersion = 1;
	classes = {
	};
	objectVersion = 55;
	objects = {

/* Begin PBXBuildFile section */
		7980FE5C27CD05EA00F94602 /* AppDelegate.m in Sources */ = {isa = PBXBuildFile; fileRef = 7980FE5B27CD05EA00F94602 /* AppDelegate.m */; };
		7980FE5F27CD05EA00F94602 /* SceneDelegate.m in Sources */ = {isa = PBXBuildFile; fileRef = 7980FE5E27CD05EA00F94602 /* SceneDelegate.m */; };
		7980FE6227CD05EA00F94602 /* ViewController.m in Sources */ = {isa = PBXBuildFile; fileRef = 7980FE6127CD05EA00F94602 /* ViewController.m */; };
		7980FE6727CD05EA00F94602 /* Assets.xcassets in Resources */ = {isa = PBXBuildFile; fileRef = 7980FE6627CD05EA00F94602 /* Assets.xcassets */; };
		7980FE6D27CD05EA00F94602 /* main.m in Sources */ = {isa = PBXBuildFile; fileRef = 7980FE6C27CD05EA00F94602 /* main.m */; };
		7980FE7427CD078200F94602 /* MainStoryboard.storyboard in Resources */ = {isa = PBXBuildFile; fileRef = 7980FE7327CD078200F94602 /* MainStoryboard.storyboard */; };
		7980FE7727CD091500F94602 /* APLToolbarSearchViewController.m in Sources */ = {isa = PBXBuildFile; fileRef = 7980FE7627CD091500F94602 /* APLToolbarSearchViewController.m */; };
		7980FE7D27CD323300F94602 /* APLRecentSearchesController.m in Sources */ = {isa = PBXBuildFile; fileRef = 7980FE7C27CD323300F94602 /* APLRecentSearchesController.m */; };
/* End PBXBuildFile section */

/* Begin PBXFileReference section */
		7980FE5727CD05EA00F94602 /* ToolbarSearch_mine.app */ = {isa = PBXFileReference; explicitFileType = wrapper.application; includeInIndex = 0; path = ToolbarSearch_mine.app; sourceTree = BUILT_PRODUCTS_DIR; };
		7980FE5A27CD05EA00F94602 /* AppDelegate.h */ = {isa = PBXFileReference; lastKnownFileType = sourcecode.c.h; path = AppDelegate.h; sourceTree = "<group>"; };
		7980FE5B27CD05EA00F94602 /* AppDelegate.m */ = {isa = PBXFileReference; lastKnownFileType = sourcecode.c.objc; path = AppDelegate.m; sourceTree = "<group>"; };
		7980FE5D27CD05EA00F94602 /* SceneDelegate.h */ = {isa = PBXFileReference; lastKnownFileType = sourcecode.c.h; path = SceneDelegate.h; sourceTree = "<group>"; };
		7980FE5E27CD05EA00F94602 /* SceneDelegate.m */ = {isa = PBXFileReference; lastKnownFileType = sourcecode.c.objc; path = SceneDelegate.m; sourceTree = "<group>"; };
		7980FE6027CD05EA00F94602 /* ViewController.h */ = {isa = PBXFileReference; lastKnownFileType = sourcecode.c.h; path = ViewController.h; sourceTree = "<group>"; };
		7980FE6127CD05EA00F94602 /* ViewController.m */ = {isa = PBXFileReference; lastKnownFileType = sourcecode.c.objc; path = ViewController.m; sourceTree = "<group>"; };
		7980FE6627CD05EA00F94602 /* Assets.xcassets */ = {isa = PBXFileReference; lastKnownFileType = folder.assetcatalog; path = Assets.xcassets; sourceTree = "<group>"; };
		7980FE6B27CD05EA00F94602 /* Info.plist */ = {isa = PBXFileReference; lastKnownFileType = text.plist.xml; path = Info.plist; sourceTree = "<group>"; };
		7980FE6C27CD05EA00F94602 /* main.m */ = {isa = PBXFileReference; lastKnownFileType = sourcecode.c.objc; path = main.m; sourceTree = "<group>"; };
		7980FE7327CD078200F94602 /* MainStoryboard.storyboard */ = {isa = PBXFileReference; lastKnownFileType = file.storyboard; path = MainStoryboard.storyboard; sourceTree = "<group>"; };
		7980FE7527CD091500F94602 /* APLToolbarSearchViewController.h */ = {isa = PBXFileReference; lastKnownFileType = sourcecode.c.h; path = APLToolbarSearchViewController.h; sourceTree = "<group>"; };
		7980FE7627CD091500F94602 /* APLToolbarSearchViewController.m */ = {isa = PBXFileReference; lastKnownFileType = sourcecode.c.objc; path = APLToolbarSearchViewController.m; sourceTree = "<group>"; };
		7980FE7B27CD323300F94602 /* APLRecentSearchesController.h */ = {isa = PBXFileReference; lastKnownFileType = sourcecode.c.h; path = APLRecentSearchesController.h; sourceTree = "<group>"; };
		7980FE7C27CD323300F94602 /* APLRecentSearchesController.m */ = {isa = PBXFileReference; lastKnownFileType = sourcecode.c.objc; path = APLRecentSearchesController.m; sourceTree = "<group>"; };
/* End PBXFileReference section */

/* Begin PBXFrameworksBuildPhase section */
		7980FE5427CD05EA00F94602 /* Frameworks */ = {
			isa = PBXFrameworksBuildPhase;
			buildActionMask = 2147483647;
			files = (
			);
			runOnlyForDeploymentPostprocessing = 0;
		};
/* End PBXFrameworksBuildPhase section */

/* Begin PBXGroup section */
		7980FE4E27CD05EA00F94602 = {
			isa = PBXGroup;
			children = (
				7980FE5927CD05EA00F94602 /* ToolbarSearch_mine */,
				7980FE5827CD05EA00F94602 /* Products */,
			);
			sourceTree = "<group>";
		};
		7980FE5827CD05EA00F94602 /* Products */ = {
			isa = PBXGroup;
			children = (
				7980FE5727CD05EA00F94602 /* ToolbarSearch_mine.app */,
			);
			name = Products;
			sourceTree = "<group>";
		};
		7980FE5927CD05EA00F94602 /* ToolbarSearch_mine */ = {
			isa = PBXGroup;
			children = (
				7980FE5A27CD05EA00F94602 /* AppDelegate.h */,
				7980FE5B27CD05EA00F94602 /* AppDelegate.m */,
				7980FE5D27CD05EA00F94602 /* SceneDelegate.h */,
				7980FE5E27CD05EA00F94602 /* SceneDelegate.m */,
				7980FE6027CD05EA00F94602 /* ViewController.h */,
				7980FE6127CD05EA00F94602 /* ViewController.m */,
				7980FE6627CD05EA00F94602 /* Assets.xcassets */,
				7980FE6B27CD05EA00F94602 /* Info.plist */,
				7980FE6C27CD05EA00F94602 /* main.m */,
				7980FE7327CD078200F94602 /* MainStoryboard.storyboard */,
				7980FE7527CD091500F94602 /* APLToolbarSearchViewController.h */,
				7980FE7627CD091500F94602 /* APLToolbarSearchViewController.m */,
				7980FE7B27CD323300F94602 /* APLRecentSearchesController.h */,
				7980FE7C27CD323300F94602 /* APLRecentSearchesController.m */,
			);
			path = ToolbarSearch_mine;
			sourceTree = "<group>";
		};
/* End PBXGroup section */

/* Begin PBXNativeTarget section */
		7980FE5627CD05EA00F94602 /* ToolbarSearch_mine */ = {
			isa = PBXNativeTarget;
			buildConfigurationList = 7980FE7027CD05EA00F94602 /* Build configuration list for PBXNativeTarget "ToolbarSearch_mine" */;
			buildPhases = (
				7980FE5327CD05EA00F94602 /* Sources */,
				7980FE5427CD05EA00F94602 /* Frameworks */,
				7980FE5527CD05EA00F94602 /* Resources */,
			);
			buildRules = (
			);
			dependencies = (
			);
			name = ToolbarSearch_mine;
			productName = ToolbarSearch_mine;
			productReference = 7980FE5727CD05EA00F94602 /* ToolbarSearch_mine.app */;
			productType = "com.apple.product-type.application";
		};
/* End PBXNativeTarget section */

/* Begin PBXProject section */
		7980FE4F27CD05EA00F94602 /* Project object */ = {
			isa = PBXProject;
			attributes = {
				BuildIndependentTargetsInParallel = 1;
				LastUpgradeCheck = 1320;
				TargetAttributes = {
					7980FE5627CD05EA00F94602 = {
						CreatedOnToolsVersion = 13.2.1;
					};
				};
			};
			buildConfigurationList = 7980FE5227CD05EA00F94602 /* Build configuration list for PBXProject "ToolbarSearch_mine" */;
			compatibilityVersion = "Xcode 13.0";
			developmentRegion = en;
			hasScannedForEncodings = 0;
			knownRegions = (
				en,
				Base,
			);
			mainGroup = 7980FE4E27CD05EA00F94602;
			productRefGroup = 7980FE5827CD05EA00F94602 /* Products */;
			projectDirPath = "";
			projectRoot = "";
			targets = (
				7980FE5627CD05EA00F94602 /* ToolbarSearch_mine */,
			);
		};
/* End PBXProject section */

/* Begin PBXResourcesBuildPhase section */
		7980FE5527CD05EA00F94602 /* Resources */ = {
			isa = PBXResourcesBuildPhase;
			buildActionMask = 2147483647;
			files = (
				7980FE6727CD05EA00F94602 /* Assets.xcassets in Resources */,
				7980FE7427CD078200F94602 /* MainStoryboard.storyboard in Resources */,
			);
			runOnlyForDeploymentPostprocessing = 0;
		};
/* End PBXResourcesBuildPhase section */

/* Begin PBXSourcesBuildPhase section */
		7980FE5327CD05EA00F94602 /* Sources */ = {
			isa = PBXSourcesBuildPhase;
			buildActionMask = 2147483647;
			files = (
				7980FE7D27CD323300F94602 /* APLRecentSearchesController.m in Sources */,
				7980FE6227CD05EA00F94602 /* ViewController.m in Sources */,
				7980FE7727CD091500F94602 /* APLToolbarSearchViewController.m in Sources */,
				7980FE5C27CD05EA00F94602 /* AppDelegate.m in Sources */,
				7980FE6D27CD05EA00F94602 /* main.m in Sources */,
				7980FE5F27CD05EA00F94602 /* SceneDelegate.m in Sources */,
			);
			runOnlyForDeploymentPostprocessing = 0;
		};
/* End PBXSourcesBuildPhase section */

/* Begin XCBuildConfiguration section */
		7980FE6E27CD05EA00F94602 /* Debug */ = {
			isa = XCBuildConfiguration;
			buildSettings = {
				ALWAYS_SEARCH_USER_PATHS = NO;
				CLANG_ANALYZER_NONNULL = YES;
				CLANG_ANALYZER_NUMBER_OBJECT_CONVERSION = YES_AGGRESSIVE;
				CLANG_CXX_LANGUAGE_STANDARD = "gnu++17";
				CLANG_CXX_LIBRARY = "libc++";
				CLANG_ENABLE_MODULES = YES;
				CLANG_ENABLE_OBJC_ARC = YES;
				CLANG_ENABLE_OBJC_WEAK = YES;
				CLANG_WARN_BLOCK_CAPTURE_AUTORELEASING = YES;
				CLANG_WARN_BOOL_CONVERSION = YES;
				CLANG_WARN_COMMA = YES;
				CLANG_WARN_CONSTANT_CONVERSION = YES;
				CLANG_WARN_DEPRECATED_OBJC_IMPLEMENTATIONS = YES;
				CLANG_WARN_DIRECT_OBJC_ISA_USAGE = YES_ERROR;
				CLANG_WARN_DOCUMENTATION_COMMENTS = YES;
				CLANG_WARN_EMPTY_BODY = YES;
				CLANG_WARN_ENUM_CONVERSION = YES;
				CLANG_WARN_INFINITE_RECURSION = YES;
				CLANG_WARN_INT_CONVERSION = YES;
				CLANG_WARN_NON_LITERAL_NULL_CONVERSION = YES;
				CLANG_WARN_OBJC_IMPLICIT_RETAIN_SELF = YES;
				CLANG_WARN_OBJC_LITERAL_CONVERSION = YES;
				CLANG_WARN_OBJC_ROOT_CLASS = YES_ERROR;
				CLANG_WARN_QUOTED_INCLUDE_IN_FRAMEWORK_HEADER = YES;
				CLANG_WARN_RANGE_LOOP_ANALYSIS = YES;
				CLANG_WARN_STRICT_PROTOTYPES = YES;
				CLANG_WARN_SUSPICIOUS_MOVE = YES;
				CLANG_WARN_UNGUARDED_AVAILABILITY = YES_AGGRESSIVE;
				CLANG_WARN_UNREACHABLE_CODE = YES;
				CLANG_WARN__DUPLICATE_METHOD_MATCH = YES;
				COPY_PHASE_STRIP = NO;
				DEBUG_INFORMATION_FORMAT = dwarf;
				ENABLE_STRICT_OBJC_MSGSEND = YES;
				ENABLE_TESTABILITY = YES;
				GCC_C_LANGUAGE_STANDARD = gnu11;
				GCC_DYNAMIC_NO_PIC = NO;
				GCC_NO_COMMON_BLOCKS = YES;
				GCC_OPTIMIZATION_LEVEL = 0;
				GCC_PREPROCESSOR_DEFINITIONS = (
					"DEBUG=1",
					"$(inherited)",
				);
				GCC_WARN_64_TO_32_BIT_CONVERSION = YES;
				GCC_WARN_ABOUT_RETURN_TYPE = YES_ERROR;
				GCC_WARN_UNDECLARED_SELECTOR = YES;
				GCC_WARN_UNINITIALIZED_AUTOS = YES_AGGRESSIVE;
				GCC_WARN_UNUSED_FUNCTION = YES;
				GCC_WARN_UNUSED_VARIABLE = YES;
				IPHONEOS_DEPLOYMENT_TARGET = 9.0;
				MTL_ENABLE_DEBUG_INFO = INCLUDE_SOURCE;
				MTL_FAST_MATH = YES;
				ONLY_ACTIVE_ARCH = YES;
				SDKROOT = iphoneos;
			};
			name = Debug;
		};
		7980FE6F27CD05EA00F94602 /* Release */ = {
			isa = XCBuildConfiguration;
			buildSettings = {
				ALWAYS_SEARCH_USER_PATHS = NO;
				CLANG_ANALYZER_NONNULL = YES;
				CLANG_ANALYZER_NUMBER_OBJECT_CONVERSION = YES_AGGRESSIVE;
				CLANG_CXX_LANGUAGE_STANDARD = "gnu++17";
				CLANG_CXX_LIBRARY = "libc++";
				CLANG_ENABLE_MODULES = YES;
				CLANG_ENABLE_OBJC_ARC = YES;
				CLANG_ENABLE_OBJC_WEAK = YES;
				CLANG_WARN_BLOCK_CAPTURE_AUTORELEASING = YES;
				CLANG_WARN_BOOL_CONVERSION = YES;
				CLANG_WARN_COMMA = YES;
				CLANG_WARN_CONSTANT_CONVERSION = YES;
				CLANG_WARN_DEPRECATED_OBJC_IMPLEMENTATIONS = YES;
				CLANG_WARN_DIRECT_OBJC_ISA_USAGE = YES_ERROR;
				CLANG_WARN_DOCUMENTATION_COMMENTS = YES;
				CLANG_WARN_EMPTY_BODY = YES;
				CLANG_WARN_ENUM_CONVERSION = YES;
				CLANG_WARN_INFINITE_RECURSION = YES;
				CLANG_WARN_INT_CONVERSION = YES;
				CLANG_WARN_NON_LITERAL_NULL_CONVERSION = YES;
				CLANG_WARN_OBJC_IMPLICIT_RETAIN_SELF = YES;
				CLANG_WARN_OBJC_LITERAL_CONVERSION = YES;
				CLANG_WARN_OBJC_ROOT_CLASS = YES_ERROR;
				CLANG_WARN_QUOTED_INCLUDE_IN_FRAMEWORK_HEADER = YES;
				CLANG_WARN_RANGE_LOOP_ANALYSIS = YES;
				CLANG_WARN_STRICT_PROTOTYPES = YES;
				CLANG_WARN_SUSPICIOUS_MOVE = YES;
				CLANG_WARN_UNGUARDED_AVAILABILITY = YES_AGGRESSIVE;
				CLANG_WARN_UNREACHABLE_CODE = YES;
				CLANG_WARN__DUPLICATE_METHOD_MATCH = YES;
				COPY_PHASE_STRIP = NO;
				DEBUG_INFORMATION_FORMAT = "dwarf-with-dsym";
				ENABLE_NS_ASSERTIONS = NO;
				ENABLE_STRICT_OBJC_MSGSEND = YES;
				GCC_C_LANGUAGE_STANDARD = gnu11;
				GCC_NO_COMMON_BLOCKS = YES;
				GCC_WARN_64_TO_32_BIT_CONVERSION = YES;
				GCC_WARN_ABOUT_RETURN_TYPE = YES_ERROR;
				GCC_WARN_UNDECLARED_SELECTOR = YES;
				GCC_WARN_UNINITIALIZED_AUTOS = YES_AGGRESSIVE;
				GCC_WARN_UNUSED_FUNCTION = YES;
				GCC_WARN_UNUSED_VARIABLE = YES;
				IPHONEOS_DEPLOYMENT_TARGET = 9.0;
				MTL_ENABLE_DEBUG_INFO = NO;
				MTL_FAST_MATH = YES;
				SDKROOT = iphoneos;
				VALIDATE_PRODUCT = YES;
			};
			name = Release;
		};
		7980FE7127CD05EA00F94602 /* Debug */ = {
			isa = XCBuildConfiguration;
			buildSettings = {
				ASSETCATALOG_COMPILER_APPICON_NAME = AppIcon;
				ASSETCATALOG_COMPILER_GLOBAL_ACCENT_COLOR_NAME = AccentColor;
				CODE_SIGN_STYLE = Automatic;
				CURRENT_PROJECT_VERSION = 1;
				DEVELOPMENT_TEAM = 2QTK5HPG42;
				GENERATE_INFOPLIST_FILE = YES;
				INFOPLIST_FILE = ToolbarSearch_mine/Info.plist;
				INFOPLIST_KEY_UIApplicationSupportsIndirectInputEvents = YES;
				INFOPLIST_KEY_UILaunchStoryboardName = LaunchScreen;
				INFOPLIST_KEY_UIMainStoryboardFile = MainStoryboard;
				INFOPLIST_KEY_UISupportedInterfaceOrientations_iPad = "UIInterfaceOrientationPortrait UIInterfaceOrientationPortraitUpsideDown UIInterfaceOrientationLandscapeLeft UIInterfaceOrientationLandscapeRight";
				INFOPLIST_KEY_UISupportedInterfaceOrientations_iPhone = "UIInterfaceOrientationPortrait UIInterfaceOrientationLandscapeLeft UIInterfaceOrientationLandscapeRight";
				LD_RUNPATH_SEARCH_PATHS = (
					"$(inherited)",
					"@executable_path/Frameworks",
				);
				MARKETING_VERSION = 1.0;
				PRODUCT_BUNDLE_IDENTIFIER = "com.yl.ToolbarSearch-mine";
				PRODUCT_NAME = "$(TARGET_NAME)";
				SWIFT_EMIT_LOC_STRINGS = YES;
				TARGETED_DEVICE_FAMILY = "1,2";
			};
			name = Debug;
		};
		7980FE7227CD05EA00F94602 /* Release */ = {
			isa = XCBuildConfiguration;
			buildSettings = {
				ASSETCATALOG_COMPILER_APPICON_NAME = AppIcon;
				ASSETCATALOG_COMPILER_GLOBAL_ACCENT_COLOR_NAME = AccentColor;
				CODE_SIGN_STYLE = Automatic;
				CURRENT_PROJECT_VERSION = 1;
				DEVELOPMENT_TEAM = 2QTK5HPG42;
				GENERATE_INFOPLIST_FILE = YES;
				INFOPLIST_FILE = ToolbarSearch_mine/Info.plist;
				INFOPLIST_KEY_UIApplicationSupportsIndirectInputEvents = YES;
				INFOPLIST_KEY_UILaunchStoryboardName = LaunchScreen;
				INFOPLIST_KEY_UIMainStoryboardFile = MainStoryboard;
				INFOPLIST_KEY_UISupportedInterfaceOrientations_iPad = "UIInterfaceOrientationPortrait UIInterfaceOrientationPortraitUpsideDown UIInterfaceOrientationLandscapeLeft UIInterfaceOrientationLandscapeRight";
				INFOPLIST_KEY_UISupportedInterfaceOrientations_iPhone = "UIInterfaceOrientationPortrait UIInterfaceOrientationLandscapeLeft UIInterfaceOrientationLandscapeRight";
				LD_RUNPATH_SEARCH_PATHS = (
					"$(inherited)",
					"@executable_path/Frameworks",
				);
				MARKETING_VERSION = 1.0;
				PRODUCT_BUNDLE_IDENTIFIER = "com.yl.ToolbarSearch-mine";
				PRODUCT_NAME = "$(TARGET_NAME)";
				SWIFT_EMIT_LOC_STRINGS = YES;
				TARGETED_DEVICE_FAMILY = "1,2";
			};
			name = Release;
		};
/* End XCBuildConfiguration section */

/* Begin XCConfigurationList section */
		7980FE5227CD05EA00F94602 /* Build configuration list for PBXProject "ToolbarSearch_mine" */ = {
			isa = XCConfigurationList;
			buildConfigurations = (
				7980FE6E27CD05EA00F94602 /* Debug */,
				7980FE6F27CD05EA00F94602 /* Release */,
			);
			defaultConfigurationIsVisible = 0;
			defaultConfigurationName = Release;
		};
		7980FE7027CD05EA00F94602 /* Build configuration list for PBXNativeTarget "ToolbarSearch_mine" */ = {
			isa = XCConfigurationList;
			buildConfigurations = (
				7980FE7127CD05EA00F94602 /* Debug */,
				7980FE7227CD05EA00F94602 /* Release */,
			);
			defaultConfigurationIsVisible = 0;
			defaultConfigurationName = Release;
		};
/* End XCConfigurationList section */
	};
	rootObject = 7980FE4F27CD05EA00F94602 /* Project object */;
}
