// !$*UTF8*$!
{
	archiveVersion = 1;
	classes = {
	};
	objectVersion = 55;
	objects = {

/* Begin PBXBuildFile section */
		79DCCA3A27D7A2E10011A352 /* BuildingListsAndNavigation_mineApp.swift in Sources */ = {isa = PBXBuildFile; fileRef = 79DCCA3927D7A2E10011A352 /* BuildingListsAndNavigation_mineApp.swift */; };
		79DCCA3C27D7A2E10011A352 /* ContentView.swift in Sources */ = {isa = PBXBuildFile; fileRef = 79DCCA3B27D7A2E10011A352 /* ContentView.swift */; };
		79DCCA3E27D7A2E10011A352 /* Assets.xcassets in Resources */ = {isa = PBXBuildFile; fileRef = 79DCCA3D27D7A2E10011A352 /* Assets.xcassets */; };
		79DCCA4127D7A2E10011A352 /* Preview Assets.xcassets in Resources */ = {isa = PBXBuildFile; fileRef = 79DCCA4027D7A2E10011A352 /* Preview Assets.xcassets */; };
		79DCCA4827D7A3320011A352 /* CircleImage.swift in Sources */ = {isa = PBXBuildFile; fileRef = 79DCCA4727D7A3320011A352 /* CircleImage.swift */; };
		79DCCA4A27D7A3DA0011A352 /* MapView.swift in Sources */ = {isa = PBXBuildFile; fileRef = 79DCCA4927D7A3DA0011A352 /* MapView.swift */; };
/* End PBXBuildFile section */

/* Begin PBXFileReference section */
		79DCCA3627D7A2E10011A352 /* BuildingListsAndNavigation_mine.app */ = {isa = PBXFileReference; explicitFileType = wrapper.application; includeInIndex = 0; path = BuildingListsAndNavigation_mine.app; sourceTree = BUILT_PRODUCTS_DIR; };
		79DCCA3927D7A2E10011A352 /* BuildingListsAndNavigation_mineApp.swift */ = {isa = PBXFileReference; lastKnownFileType = sourcecode.swift; path = BuildingListsAndNavigation_mineApp.swift; sourceTree = "<group>"; };
		79DCCA3B27D7A2E10011A352 /* ContentView.swift */ = {isa = PBXFileReference; lastKnownFileType = sourcecode.swift; path = ContentView.swift; sourceTree = "<group>"; };
		79DCCA3D27D7A2E10011A352 /* Assets.xcassets */ = {isa = PBXFileReference; lastKnownFileType = folder.assetcatalog; path = Assets.xcassets; sourceTree = "<group>"; };
		79DCCA4027D7A2E10011A352 /* Preview Assets.xcassets */ = {isa = PBXFileReference; lastKnownFileType = folder.assetcatalog; path = "Preview Assets.xcassets"; sourceTree = "<group>"; };
		79DCCA4727D7A3320011A352 /* CircleImage.swift */ = {isa = PBXFileReference; lastKnownFileType = sourcecode.swift; path = CircleImage.swift; sourceTree = "<group>"; };
		79DCCA4927D7A3DA0011A352 /* MapView.swift */ = {isa = PBXFileReference; lastKnownFileType = sourcecode.swift; path = MapView.swift; sourceTree = "<group>"; };
/* End PBXFileReference section */

/* Begin PBXFrameworksBuildPhase section */
		79DCCA3327D7A2E10011A352 /* Frameworks */ = {
			isa = PBXFrameworksBuildPhase;
			buildActionMask = 2147483647;
			files = (
			);
			runOnlyForDeploymentPostprocessing = 0;
		};
/* End PBXFrameworksBuildPhase section */

/* Begin PBXGroup section */
		79DCCA2D27D7A2E10011A352 = {
			isa = PBXGroup;
			children = (
				79DCCA3827D7A2E10011A352 /* BuildingListsAndNavigation_mine */,
				79DCCA3727D7A2E10011A352 /* Products */,
			);
			sourceTree = "<group>";
		};
		79DCCA3727D7A2E10011A352 /* Products */ = {
			isa = PBXGroup;
			children = (
				79DCCA3627D7A2E10011A352 /* BuildingListsAndNavigation_mine.app */,
			);
			name = Products;
			sourceTree = "<group>";
		};
		79DCCA3827D7A2E10011A352 /* BuildingListsAndNavigation_mine */ = {
			isa = PBXGroup;
			children = (
				79DCCA3927D7A2E10011A352 /* BuildingListsAndNavigation_mineApp.swift */,
				79DCCA3B27D7A2E10011A352 /* ContentView.swift */,
				79DCCA4727D7A3320011A352 /* CircleImage.swift */,
				79DCCA4927D7A3DA0011A352 /* MapView.swift */,
				79DCCA3D27D7A2E10011A352 /* Assets.xcassets */,
				79DCCA3F27D7A2E10011A352 /* Preview Content */,
			);
			path = BuildingListsAndNavigation_mine;
			sourceTree = "<group>";
		};
		79DCCA3F27D7A2E10011A352 /* Preview Content */ = {
			isa = PBXGroup;
			children = (
				79DCCA4027D7A2E10011A352 /* Preview Assets.xcassets */,
			);
			path = "Preview Content";
			sourceTree = "<group>";
		};
/* End PBXGroup section */

/* Begin PBXNativeTarget section */
		79DCCA3527D7A2E10011A352 /* BuildingListsAndNavigation_mine */ = {
			isa = PBXNativeTarget;
			buildConfigurationList = 79DCCA4427D7A2E10011A352 /* Build configuration list for PBXNativeTarget "BuildingListsAndNavigation_mine" */;
			buildPhases = (
				79DCCA3227D7A2E10011A352 /* Sources */,
				79DCCA3327D7A2E10011A352 /* Frameworks */,
				79DCCA3427D7A2E10011A352 /* Resources */,
			);
			buildRules = (
			);
			dependencies = (
			);
			name = BuildingListsAndNavigation_mine;
			productName = BuildingListsAndNavigation_mine;
			productReference = 79DCCA3627D7A2E10011A352 /* BuildingListsAndNavigation_mine.app */;
			productType = "com.apple.product-type.application";
		};
/* End PBXNativeTarget section */

/* Begin PBXProject section */
		79DCCA2E27D7A2E10011A352 /* Project object */ = {
			isa = PBXProject;
			attributes = {
				BuildIndependentTargetsInParallel = 1;
				LastSwiftUpdateCheck = 1320;
				LastUpgradeCheck = 1320;
				TargetAttributes = {
					79DCCA3527D7A2E10011A352 = {
						CreatedOnToolsVersion = 13.2.1;
					};
				};
			};
			buildConfigurationList = 79DCCA3127D7A2E10011A352 /* Build configuration list for PBXProject "BuildingListsAndNavigation_mine" */;
			compatibilityVersion = "Xcode 13.0";
			developmentRegion = en;
			hasScannedForEncodings = 0;
			knownRegions = (
				en,
				Base,
			);
			mainGroup = 79DCCA2D27D7A2E10011A352;
			productRefGroup = 79DCCA3727D7A2E10011A352 /* Products */;
			projectDirPath = "";
			projectRoot = "";
			targets = (
				79DCCA3527D7A2E10011A352 /* BuildingListsAndNavigation_mine */,
			);
		};
/* End PBXProject section */

/* Begin PBXResourcesBuildPhase section */
		79DCCA3427D7A2E10011A352 /* Resources */ = {
			isa = PBXResourcesBuildPhase;
			buildActionMask = 2147483647;
			files = (
				79DCCA4127D7A2E10011A352 /* Preview Assets.xcassets in Resources */,
				79DCCA3E27D7A2E10011A352 /* Assets.xcassets in Resources */,
			);
			runOnlyForDeploymentPostprocessing = 0;
		};
/* End PBXResourcesBuildPhase section */

/* Begin PBXSourcesBuildPhase section */
		79DCCA3227D7A2E10011A352 /* Sources */ = {
			isa = PBXSourcesBuildPhase;
			buildActionMask = 2147483647;
			files = (
				79DCCA3C27D7A2E10011A352 /* ContentView.swift in Sources */,
				79DCCA4A27D7A3DA0011A352 /* MapView.swift in Sources */,
				79DCCA3A27D7A2E10011A352 /* BuildingListsAndNavigation_mineApp.swift in Sources */,
				79DCCA4827D7A3320011A352 /* CircleImage.swift in Sources */,
			);
			runOnlyForDeploymentPostprocessing = 0;
		};
/* End PBXSourcesBuildPhase section */

/* Begin XCBuildConfiguration section */
		79DCCA4227D7A2E10011A352 /* Debug */ = {
			isa = XCBuildConfiguration;
			buildSettings = {
				ALWAYS_SEARCH_USER_PATHS = NO;
				CLANG_ANALYZER_NONNULL = YES;
				CLANG_ANALYZER_NUMBER_OBJECT_CONVERSION = YES_AGGRESSIVE;
				CLANG_CXX_LANGUAGE_STANDARD = "gnu++17";
				CLANG_CXX_LIBRARY = "libc++";
				CLANG_ENABLE_MODULES = YES;
				CLANG_ENABLE_OBJC_ARC = YES;
				CLANG_ENABLE_OBJC_WEAK = YES;
				CLANG_WARN_BLOCK_CAPTURE_AUTORELEASING = YES;
				CLANG_WARN_BOOL_CONVERSION = YES;
				CLANG_WARN_COMMA = YES;
				CLANG_WARN_CONSTANT_CONVERSION = YES;
				CLANG_WARN_DEPRECATED_OBJC_IMPLEMENTATIONS = YES;
				CLANG_WARN_DIRECT_OBJC_ISA_USAGE = YES_ERROR;
				CLANG_WARN_DOCUMENTATION_COMMENTS = YES;
				CLANG_WARN_EMPTY_BODY = YES;
				CLANG_WARN_ENUM_CONVERSION = YES;
				CLANG_WARN_INFINITE_RECURSION = YES;
				CLANG_WARN_INT_CONVERSION = YES;
				CLANG_WARN_NON_LITERAL_NULL_CONVERSION = YES;
				CLANG_WARN_OBJC_IMPLICIT_RETAIN_SELF = YES;
				CLANG_WARN_OBJC_LITERAL_CONVERSION = YES;
				CLANG_WARN_OBJC_ROOT_CLASS = YES_ERROR;
				CLANG_WARN_QUOTED_INCLUDE_IN_FRAMEWORK_HEADER = YES;
				CLANG_WARN_RANGE_LOOP_ANALYSIS = YES;
				CLANG_WARN_STRICT_PROTOTYPES = YES;
				CLANG_WARN_SUSPICIOUS_MOVE = YES;
				CLANG_WARN_UNGUARDED_AVAILABILITY = YES_AGGRESSIVE;
				CLANG_WARN_UNREACHABLE_CODE = YES;
				CLANG_WARN__DUPLICATE_METHOD_MATCH = YES;
				COPY_PHASE_STRIP = NO;
				DEBUG_INFORMATION_FORMAT = dwarf;
				ENABLE_STRICT_OBJC_MSGSEND = YES;
				ENABLE_TESTABILITY = YES;
				GCC_C_LANGUAGE_STANDARD = gnu11;
				GCC_DYNAMIC_NO_PIC = NO;
				GCC_NO_COMMON_BLOCKS = YES;
				GCC_OPTIMIZATION_LEVEL = 0;
				GCC_PREPROCESSOR_DEFINITIONS = (
					"DEBUG=1",
					"$(inherited)",
				);
				GCC_WARN_64_TO_32_BIT_CONVERSION = YES;
				GCC_WARN_ABOUT_RETURN_TYPE = YES_ERROR;
				GCC_WARN_UNDECLARED_SELECTOR = YES;
				GCC_WARN_UNINITIALIZED_AUTOS = YES_AGGRESSIVE;
				GCC_WARN_UNUSED_FUNCTION = YES;
				GCC_WARN_UNUSED_VARIABLE = YES;
				IPHONEOS_DEPLOYMENT_TARGET = 15.2;
				MTL_ENABLE_DEBUG_INFO = INCLUDE_SOURCE;
				MTL_FAST_MATH = YES;
				ONLY_ACTIVE_ARCH = YES;
				SDKROOT = iphoneos;
				SWIFT_ACTIVE_COMPILATION_CONDITIONS = DEBUG;
				SWIFT_OPTIMIZATION_LEVEL = "-Onone";
			};
			name = Debug;
		};
		79DCCA4327D7A2E10011A352 /* Release */ = {
			isa = XCBuildConfiguration;
			buildSettings = {
				ALWAYS_SEARCH_USER_PATHS = NO;
				CLANG_ANALYZER_NONNULL = YES;
				CLANG_ANALYZER_NUMBER_OBJECT_CONVERSION = YES_AGGRESSIVE;
				CLANG_CXX_LANGUAGE_STANDARD = "gnu++17";
				CLANG_CXX_LIBRARY = "libc++";
				CLANG_ENABLE_MODULES = YES;
				CLANG_ENABLE_OBJC_ARC = YES;
				CLANG_ENABLE_OBJC_WEAK = YES;
				CLANG_WARN_BLOCK_CAPTURE_AUTORELEASING = YES;
				CLANG_WARN_BOOL_CONVERSION = YES;
				CLANG_WARN_COMMA = YES;
				CLANG_WARN_CONSTANT_CONVERSION = YES;
				CLANG_WARN_DEPRECATED_OBJC_IMPLEMENTATIONS = YES;
				CLANG_WARN_DIRECT_OBJC_ISA_USAGE = YES_ERROR;
				CLANG_WARN_DOCUMENTATION_COMMENTS = YES;
				CLANG_WARN_EMPTY_BODY = YES;
				CLANG_WARN_ENUM_CONVERSION = YES;
				CLANG_WARN_INFINITE_RECURSION = YES;
				CLANG_WARN_INT_CONVERSION = YES;
				CLANG_WARN_NON_LITERAL_NULL_CONVERSION = YES;
				CLANG_WARN_OBJC_IMPLICIT_RETAIN_SELF = YES;
				CLANG_WARN_OBJC_LITERAL_CONVERSION = YES;
				CLANG_WARN_OBJC_ROOT_CLASS = YES_ERROR;
				CLANG_WARN_QUOTED_INCLUDE_IN_FRAMEWORK_HEADER = YES;
				CLANG_WARN_RANGE_LOOP_ANALYSIS = YES;
				CLANG_WARN_STRICT_PROTOTYPES = YES;
				CLANG_WARN_SUSPICIOUS_MOVE = YES;
				CLANG_WARN_UNGUARDED_AVAILABILITY = YES_AGGRESSIVE;
				CLANG_WARN_UNREACHABLE_CODE = YES;
				CLANG_WARN__DUPLICATE_METHOD_MATCH = YES;
				COPY_PHASE_STRIP = NO;
				DEBUG_INFORMATION_FORMAT = "dwarf-with-dsym";
				ENABLE_NS_ASSERTIONS = NO;
				ENABLE_STRICT_OBJC_MSGSEND = YES;
				GCC_C_LANGUAGE_STANDARD = gnu11;
				GCC_NO_COMMON_BLOCKS = YES;
				GCC_WARN_64_TO_32_BIT_CONVERSION = YES;
				GCC_WARN_ABOUT_RETURN_TYPE = YES_ERROR;
				GCC_WARN_UNDECLARED_SELECTOR = YES;
				GCC_WARN_UNINITIALIZED_AUTOS = YES_AGGRESSIVE;
				GCC_WARN_UNUSED_FUNCTION = YES;
				GCC_WARN_UNUSED_VARIABLE = YES;
				IPHONEOS_DEPLOYMENT_TARGET = 15.2;
				MTL_ENABLE_DEBUG_INFO = NO;
				MTL_FAST_MATH = YES;
				SDKROOT = iphoneos;
				SWIFT_COMPILATION_MODE = wholemodule;
				SWIFT_OPTIMIZATION_LEVEL = "-O";
				VALIDATE_PRODUCT = YES;
			};
			name = Release;
		};
		79DCCA4527D7A2E10011A352 /* Debug */ = {
			isa = XCBuildConfiguration;
			buildSettings = {
				ASSETCATALOG_COMPILER_APPICON_NAME = AppIcon;
				ASSETCATALOG_COMPILER_GLOBAL_ACCENT_COLOR_NAME = AccentColor;
				CODE_SIGN_STYLE = Automatic;
				CURRENT_PROJECT_VERSION = 1;
				DEVELOPMENT_ASSET_PATHS = "\"BuildingListsAndNavigation_mine/Preview Content\"";
				DEVELOPMENT_TEAM = 2QTK5HPG42;
				ENABLE_PREVIEWS = YES;
				GENERATE_INFOPLIST_FILE = YES;
				INFOPLIST_KEY_UIApplicationSceneManifest_Generation = YES;
				INFOPLIST_KEY_UIApplicationSupportsIndirectInputEvents = YES;
				INFOPLIST_KEY_UILaunchScreen_Generation = YES;
				INFOPLIST_KEY_UISupportedInterfaceOrientations_iPad = "UIInterfaceOrientationPortrait UIInterfaceOrientationPortraitUpsideDown UIInterfaceOrientationLandscapeLeft UIInterfaceOrientationLandscapeRight";
				INFOPLIST_KEY_UISupportedInterfaceOrientations_iPhone = "UIInterfaceOrientationPortrait UIInterfaceOrientationLandscapeLeft UIInterfaceOrientationLandscapeRight";
				LD_RUNPATH_SEARCH_PATHS = (
					"$(inherited)",
					"@executable_path/Frameworks",
				);
				MARKETING_VERSION = 1.0;
				PRODUCT_BUNDLE_IDENTIFIER = "com.yl.BuildingListsAndNavigation-mine";
				PRODUCT_NAME = "$(TARGET_NAME)";
				SWIFT_EMIT_LOC_STRINGS = YES;
				SWIFT_VERSION = 5.0;
				TARGETED_DEVICE_FAMILY = "1,2";
			};
			name = Debug;
		};
		79DCCA4627D7A2E10011A352 /* Release */ = {
			isa = XCBuildConfiguration;
			buildSettings = {
				ASSETCATALOG_COMPILER_APPICON_NAME = AppIcon;
				ASSETCATALOG_COMPILER_GLOBAL_ACCENT_COLOR_NAME = AccentColor;
				CODE_SIGN_STYLE = Automatic;
				CURRENT_PROJECT_VERSION = 1;
				DEVELOPMENT_ASSET_PATHS = "\"BuildingListsAndNavigation_mine/Preview Content\"";
				DEVELOPMENT_TEAM = 2QTK5HPG42;
				ENABLE_PREVIEWS = YES;
				GENERATE_INFOPLIST_FILE = YES;
				INFOPLIST_KEY_UIApplicationSceneManifest_Generation = YES;
				INFOPLIST_KEY_UIApplicationSupportsIndirectInputEvents = YES;
				INFOPLIST_KEY_UILaunchScreen_Generation = YES;
				INFOPLIST_KEY_UISupportedInterfaceOrientations_iPad = "UIInterfaceOrientationPortrait UIInterfaceOrientationPortraitUpsideDown UIInterfaceOrientationLandscapeLeft UIInterfaceOrientationLandscapeRight";
				INFOPLIST_KEY_UISupportedInterfaceOrientations_iPhone = "UIInterfaceOrientationPortrait UIInterfaceOrientationLandscapeLeft UIInterfaceOrientationLandscapeRight";
				LD_RUNPATH_SEARCH_PATHS = (
					"$(inherited)",
					"@executable_path/Frameworks",
				);
				MARKETING_VERSION = 1.0;
				PRODUCT_BUNDLE_IDENTIFIER = "com.yl.BuildingListsAndNavigation-mine";
				PRODUCT_NAME = "$(TARGET_NAME)";
				SWIFT_EMIT_LOC_STRINGS = YES;
				SWIFT_VERSION = 5.0;
				TARGETED_DEVICE_FAMILY = "1,2";
			};
			name = Release;
		};
/* End XCBuildConfiguration section */

/* Begin XCConfigurationList section */
		79DCCA3127D7A2E10011A352 /* Build configuration list for PBXProject "BuildingListsAndNavigation_mine" */ = {
			isa = XCConfigurationList;
			buildConfigurations = (
				79DCCA4227D7A2E10011A352 /* Debug */,
				79DCCA4327D7A2E10011A352 /* Release */,
			);
			defaultConfigurationIsVisible = 0;
			defaultConfigurationName = Release;
		};
		79DCCA4427D7A2E10011A352 /* Build configuration list for PBXNativeTarget "BuildingListsAndNavigation_mine" */ = {
			isa = XCConfigurationList;
			buildConfigurations = (
				79DCCA4527D7A2E10011A352 /* Debug */,
				79DCCA4627D7A2E10011A352 /* Release */,
			);
			defaultConfigurationIsVisible = 0;
			defaultConfigurationName = Release;
		};
/* End XCConfigurationList section */
	};
	rootObject = 79DCCA2E27D7A2E10011A352 /* Project object */;
}
