// !$*UTF8*$!
{
	archiveVersion = 1;
	classes = {
	};
	objectVersion = 55;
	objects = {

/* Begin PBXBuildFile section */
		7903F93F27F081C400B729A2 /* InterfacingWithUIKit_mineApp.swift in Sources */ = {isa = PBXBuildFile; fileRef = 7903F93E27F081C400B729A2 /* InterfacingWithUIKit_mineApp.swift */; };
		7903F94327F081C500B729A2 /* Assets.xcassets in Resources */ = {isa = PBXBuildFile; fileRef = 7903F94227F081C500B729A2 /* Assets.xcassets */; };
		7903F94627F081C500B729A2 /* Preview Assets.xcassets in Resources */ = {isa = PBXBuildFile; fileRef = 7903F94527F081C500B729A2 /* Preview Assets.xcassets */; };
		7903F97227F081E600B729A2 /* Profile.swift in Sources */ = {isa = PBXBuildFile; fileRef = 7903F94D27F081E600B729A2 /* Profile.swift */; };
		7903F97327F081E600B729A2 /* Hike.swift in Sources */ = {isa = PBXBuildFile; fileRef = 7903F94E27F081E600B729A2 /* Hike.swift */; };
		7903F97427F081E600B729A2 /* ModelData.swift in Sources */ = {isa = PBXBuildFile; fileRef = 7903F94F27F081E600B729A2 /* ModelData.swift */; };
		7903F97527F081E600B729A2 /* Landmark.swift in Sources */ = {isa = PBXBuildFile; fileRef = 7903F95027F081E600B729A2 /* Landmark.swift */; };
		7903F97627F081E600B729A2 /* hikeData.json in Resources */ = {isa = PBXBuildFile; fileRef = 7903F95227F081E600B729A2 /* hikeData.json */; };
		7903F97727F081E600B729A2 /* landmarkData.json in Resources */ = {isa = PBXBuildFile; fileRef = 7903F95327F081E600B729A2 /* landmarkData.json */; };
		7903F97827F081E600B729A2 /* GraphCapsule.swift in Sources */ = {isa = PBXBuildFile; fileRef = 7903F95627F081E600B729A2 /* GraphCapsule.swift */; };
		7903F97927F081E600B729A2 /* HikeGraph.swift in Sources */ = {isa = PBXBuildFile; fileRef = 7903F95727F081E600B729A2 /* HikeGraph.swift */; };
		7903F97A27F081E600B729A2 /* HikeBadge.swift in Sources */ = {isa = PBXBuildFile; fileRef = 7903F95827F081E600B729A2 /* HikeBadge.swift */; };
		7903F97B27F081E600B729A2 /* HikeDetail.swift in Sources */ = {isa = PBXBuildFile; fileRef = 7903F95927F081E600B729A2 /* HikeDetail.swift */; };
		7903F97C27F081E600B729A2 /* HikeView.swift in Sources */ = {isa = PBXBuildFile; fileRef = 7903F95A27F081E600B729A2 /* HikeView.swift */; };
		7903F97D27F081E600B729A2 /* LandmarkList.swift in Sources */ = {isa = PBXBuildFile; fileRef = 7903F95C27F081E600B729A2 /* LandmarkList.swift */; };
		7903F97E27F081E600B729A2 /* LandmarkDetail.swift in Sources */ = {isa = PBXBuildFile; fileRef = 7903F95D27F081E600B729A2 /* LandmarkDetail.swift */; };
		7903F97F27F081E600B729A2 /* LandmarkRow.swift in Sources */ = {isa = PBXBuildFile; fileRef = 7903F95E27F081E600B729A2 /* LandmarkRow.swift */; };
		7903F98027F081E600B729A2 /* ProfileSummary.swift in Sources */ = {isa = PBXBuildFile; fileRef = 7903F96027F081E600B729A2 /* ProfileSummary.swift */; };
		7903F98127F081E600B729A2 /* ProfileEditor.swift in Sources */ = {isa = PBXBuildFile; fileRef = 7903F96127F081E600B729A2 /* ProfileEditor.swift */; };
		7903F98227F081E600B729A2 /* ProfileHost.swift in Sources */ = {isa = PBXBuildFile; fileRef = 7903F96227F081E600B729A2 /* ProfileHost.swift */; };
		7903F98327F081E600B729A2 /* CategoryItem.swift in Sources */ = {isa = PBXBuildFile; fileRef = 7903F96427F081E600B729A2 /* CategoryItem.swift */; };
		7903F98427F081E600B729A2 /* CategoryHome.swift in Sources */ = {isa = PBXBuildFile; fileRef = 7903F96527F081E600B729A2 /* CategoryHome.swift */; };
		7903F98527F081E600B729A2 /* CategoryRow.swift in Sources */ = {isa = PBXBuildFile; fileRef = 7903F96627F081E600B729A2 /* CategoryRow.swift */; };
		7903F98627F081E600B729A2 /* ContentView.swift in Sources */ = {isa = PBXBuildFile; fileRef = 7903F96727F081E600B729A2 /* ContentView.swift */; };
		7903F98727F081E600B729A2 /* MapView.swift in Sources */ = {isa = PBXBuildFile; fileRef = 7903F96927F081E600B729A2 /* MapView.swift */; };
		7903F98827F081E600B729A2 /* CircleImage.swift in Sources */ = {isa = PBXBuildFile; fileRef = 7903F96A27F081E600B729A2 /* CircleImage.swift */; };
		7903F98927F081E600B729A2 /* FavoriteButton.swift in Sources */ = {isa = PBXBuildFile; fileRef = 7903F96B27F081E600B729A2 /* FavoriteButton.swift */; };
		7903F98A27F081E600B729A2 /* RotatedBadgeSymbol.swift in Sources */ = {isa = PBXBuildFile; fileRef = 7903F96D27F081E600B729A2 /* RotatedBadgeSymbol.swift */; };
		7903F98B27F081E600B729A2 /* HexagonParameters.swift in Sources */ = {isa = PBXBuildFile; fileRef = 7903F96E27F081E600B729A2 /* HexagonParameters.swift */; };
		7903F98C27F081E600B729A2 /* BadgeSymbol.swift in Sources */ = {isa = PBXBuildFile; fileRef = 7903F96F27F081E600B729A2 /* BadgeSymbol.swift */; };
		7903F98D27F081E600B729A2 /* BadgeBackground.swift in Sources */ = {isa = PBXBuildFile; fileRef = 7903F97027F081E600B729A2 /* BadgeBackground.swift */; };
		7903F98E27F081E600B729A2 /* Badge.swift in Sources */ = {isa = PBXBuildFile; fileRef = 7903F97127F081E600B729A2 /* Badge.swift */; };
		795DC23A27F7216200C40875 /* PageViewController.swift in Sources */ = {isa = PBXBuildFile; fileRef = 795DC23927F7216200C40875 /* PageViewController.swift */; };
		796AE3DD27F724730062160B /* FeatureCard.swift in Sources */ = {isa = PBXBuildFile; fileRef = 796AE3DC27F724730062160B /* FeatureCard.swift */; };
		796AE3DF27F725B40062160B /* PageView.swift in Sources */ = {isa = PBXBuildFile; fileRef = 796AE3DE27F725B40062160B /* PageView.swift */; };
		796AE3E127F7422A0062160B /* PageControl.swift in Sources */ = {isa = PBXBuildFile; fileRef = 796AE3E027F7422A0062160B /* PageControl.swift */; };
		7999437727FADAD100418AF3 /* AnnotationState2.swift in Sources */ = {isa = PBXBuildFile; fileRef = 7999437627FADAD100418AF3 /* AnnotationState2.swift */; };
		7999437927FADEF800418AF3 /* AnnotationBinding.swift in Sources */ = {isa = PBXBuildFile; fileRef = 7999437827FADEF800418AF3 /* AnnotationBinding.swift */; };
		7999437B27FAE81600418AF3 /* PodcastPlayer.swift in Sources */ = {isa = PBXBuildFile; fileRef = 7999437A27FAE81600418AF3 /* PodcastPlayer.swift */; };
		7999437E27FAE87900418AF3 /* PublishAndObservedObject.swift in Sources */ = {isa = PBXBuildFile; fileRef = 7999437D27FAE87900418AF3 /* PublishAndObservedObject.swift */; };
		79B1558A28213229009D9B0C /* FeatureCard1.swift in Sources */ = {isa = PBXBuildFile; fileRef = 79B1558928213229009D9B0C /* FeatureCard1.swift */; };
		79B1558C2821326C009D9B0C /* PageView1.swift in Sources */ = {isa = PBXBuildFile; fileRef = 79B1558B2821326C009D9B0C /* PageView1.swift */; };
		79B1558E282132C6009D9B0C /* PageViewController1.swift in Sources */ = {isa = PBXBuildFile; fileRef = 79B1558D282132C6009D9B0C /* PageViewController1.swift */; };
		79B1559128224237009D9B0C /* PageViewController2.swift in Sources */ = {isa = PBXBuildFile; fileRef = 79B1559028224237009D9B0C /* PageViewController2.swift */; };
		79B1559328224281009D9B0C /* PageView2.swift in Sources */ = {isa = PBXBuildFile; fileRef = 79B1559228224281009D9B0C /* PageView2.swift */; };
		79B155952822429E009D9B0C /* FeatureCard2.swift in Sources */ = {isa = PBXBuildFile; fileRef = 79B155942822429E009D9B0C /* FeatureCard2.swift */; };
		79B1559A282247F2009D9B0C /* PageViewController3.swift in Sources */ = {isa = PBXBuildFile; fileRef = 79B15599282247F2009D9B0C /* PageViewController3.swift */; };
		79B1559C2822482A009D9B0C /* PageView3.swift in Sources */ = {isa = PBXBuildFile; fileRef = 79B1559B2822482A009D9B0C /* PageView3.swift */; };
		79B1559E28224851009D9B0C /* FeatureCard3.swift in Sources */ = {isa = PBXBuildFile; fileRef = 79B1559D28224851009D9B0C /* FeatureCard3.swift */; };
		79D24E8427FAD2D000BBCC68 /* AnnotationState.swift in Sources */ = {isa = PBXBuildFile; fileRef = 79D24E8327FAD2D000BBCC68 /* AnnotationState.swift */; };
/* End PBXBuildFile section */

/* Begin PBXFileReference section */
		7903F93B27F081C400B729A2 /* InterfacingWithUIKit_mine.app */ = {isa = PBXFileReference; explicitFileType = wrapper.application; includeInIndex = 0; path = InterfacingWithUIKit_mine.app; sourceTree = BUILT_PRODUCTS_DIR; };
		7903F93E27F081C400B729A2 /* InterfacingWithUIKit_mineApp.swift */ = {isa = PBXFileReference; lastKnownFileType = sourcecode.swift; path = InterfacingWithUIKit_mineApp.swift; sourceTree = "<group>"; };
		7903F94227F081C500B729A2 /* Assets.xcassets */ = {isa = PBXFileReference; lastKnownFileType = folder.assetcatalog; path = Assets.xcassets; sourceTree = "<group>"; };
		7903F94527F081C500B729A2 /* Preview Assets.xcassets */ = {isa = PBXFileReference; lastKnownFileType = folder.assetcatalog; path = "Preview Assets.xcassets"; sourceTree = "<group>"; };
		7903F94D27F081E600B729A2 /* Profile.swift */ = {isa = PBXFileReference; fileEncoding = 4; lastKnownFileType = sourcecode.swift; path = Profile.swift; sourceTree = "<group>"; };
		7903F94E27F081E600B729A2 /* Hike.swift */ = {isa = PBXFileReference; fileEncoding = 4; lastKnownFileType = sourcecode.swift; path = Hike.swift; sourceTree = "<group>"; };
		7903F94F27F081E600B729A2 /* ModelData.swift */ = {isa = PBXFileReference; fileEncoding = 4; lastKnownFileType = sourcecode.swift; path = ModelData.swift; sourceTree = "<group>"; };
		7903F95027F081E600B729A2 /* Landmark.swift */ = {isa = PBXFileReference; fileEncoding = 4; lastKnownFileType = sourcecode.swift; path = Landmark.swift; sourceTree = "<group>"; };
		7903F95227F081E600B729A2 /* hikeData.json */ = {isa = PBXFileReference; fileEncoding = 4; lastKnownFileType = text.json; path = hikeData.json; sourceTree = "<group>"; };
		7903F95327F081E600B729A2 /* landmarkData.json */ = {isa = PBXFileReference; fileEncoding = 4; lastKnownFileType = text.json; path = landmarkData.json; sourceTree = "<group>"; };
		7903F95627F081E600B729A2 /* GraphCapsule.swift */ = {isa = PBXFileReference; fileEncoding = 4; lastKnownFileType = sourcecode.swift; path = GraphCapsule.swift; sourceTree = "<group>"; };
		7903F95727F081E600B729A2 /* HikeGraph.swift */ = {isa = PBXFileReference; fileEncoding = 4; lastKnownFileType = sourcecode.swift; path = HikeGraph.swift; sourceTree = "<group>"; };
		7903F95827F081E600B729A2 /* HikeBadge.swift */ = {isa = PBXFileReference; fileEncoding = 4; lastKnownFileType = sourcecode.swift; path = HikeBadge.swift; sourceTree = "<group>"; };
		7903F95927F081E600B729A2 /* HikeDetail.swift */ = {isa = PBXFileReference; fileEncoding = 4; lastKnownFileType = sourcecode.swift; path = HikeDetail.swift; sourceTree = "<group>"; };
		7903F95A27F081E600B729A2 /* HikeView.swift */ = {isa = PBXFileReference; fileEncoding = 4; lastKnownFileType = sourcecode.swift; path = HikeView.swift; sourceTree = "<group>"; };
		7903F95C27F081E600B729A2 /* LandmarkList.swift */ = {isa = PBXFileReference; fileEncoding = 4; lastKnownFileType = sourcecode.swift; path = LandmarkList.swift; sourceTree = "<group>"; };
		7903F95D27F081E600B729A2 /* LandmarkDetail.swift */ = {isa = PBXFileReference; fileEncoding = 4; lastKnownFileType = sourcecode.swift; path = LandmarkDetail.swift; sourceTree = "<group>"; };
		7903F95E27F081E600B729A2 /* LandmarkRow.swift */ = {isa = PBXFileReference; fileEncoding = 4; lastKnownFileType = sourcecode.swift; path = LandmarkRow.swift; sourceTree = "<group>"; };
		7903F96027F081E600B729A2 /* ProfileSummary.swift */ = {isa = PBXFileReference; fileEncoding = 4; lastKnownFileType = sourcecode.swift; path = ProfileSummary.swift; sourceTree = "<group>"; };
		7903F96127F081E600B729A2 /* ProfileEditor.swift */ = {isa = PBXFileReference; fileEncoding = 4; lastKnownFileType = sourcecode.swift; path = ProfileEditor.swift; sourceTree = "<group>"; };
		7903F96227F081E600B729A2 /* ProfileHost.swift */ = {isa = PBXFileReference; fileEncoding = 4; lastKnownFileType = sourcecode.swift; path = ProfileHost.swift; sourceTree = "<group>"; };
		7903F96427F081E600B729A2 /* CategoryItem.swift */ = {isa = PBXFileReference; fileEncoding = 4; lastKnownFileType = sourcecode.swift; path = CategoryItem.swift; sourceTree = "<group>"; };
		7903F96527F081E600B729A2 /* CategoryHome.swift */ = {isa = PBXFileReference; fileEncoding = 4; lastKnownFileType = sourcecode.swift; path = CategoryHome.swift; sourceTree = "<group>"; };
		7903F96627F081E600B729A2 /* CategoryRow.swift */ = {isa = PBXFileReference; fileEncoding = 4; lastKnownFileType = sourcecode.swift; path = CategoryRow.swift; sourceTree = "<group>"; };
		7903F96727F081E600B729A2 /* ContentView.swift */ = {isa = PBXFileReference; fileEncoding = 4; lastKnownFileType = sourcecode.swift; path = ContentView.swift; sourceTree = "<group>"; };
		7903F96927F081E600B729A2 /* MapView.swift */ = {isa = PBXFileReference; fileEncoding = 4; lastKnownFileType = sourcecode.swift; path = MapView.swift; sourceTree = "<group>"; };
		7903F96A27F081E600B729A2 /* CircleImage.swift */ = {isa = PBXFileReference; fileEncoding = 4; lastKnownFileType = sourcecode.swift; path = CircleImage.swift; sourceTree = "<group>"; };
		7903F96B27F081E600B729A2 /* FavoriteButton.swift */ = {isa = PBXFileReference; fileEncoding = 4; lastKnownFileType = sourcecode.swift; path = FavoriteButton.swift; sourceTree = "<group>"; };
		7903F96D27F081E600B729A2 /* RotatedBadgeSymbol.swift */ = {isa = PBXFileReference; fileEncoding = 4; lastKnownFileType = sourcecode.swift; path = RotatedBadgeSymbol.swift; sourceTree = "<group>"; };
		7903F96E27F081E600B729A2 /* HexagonParameters.swift */ = {isa = PBXFileReference; fileEncoding = 4; lastKnownFileType = sourcecode.swift; path = HexagonParameters.swift; sourceTree = "<group>"; };
		7903F96F27F081E600B729A2 /* BadgeSymbol.swift */ = {isa = PBXFileReference; fileEncoding = 4; lastKnownFileType = sourcecode.swift; path = BadgeSymbol.swift; sourceTree = "<group>"; };
		7903F97027F081E600B729A2 /* BadgeBackground.swift */ = {isa = PBXFileReference; fileEncoding = 4; lastKnownFileType = sourcecode.swift; path = BadgeBackground.swift; sourceTree = "<group>"; };
		7903F97127F081E600B729A2 /* Badge.swift */ = {isa = PBXFileReference; fileEncoding = 4; lastKnownFileType = sourcecode.swift; path = Badge.swift; sourceTree = "<group>"; };
		795DC23927F7216200C40875 /* PageViewController.swift */ = {isa = PBXFileReference; lastKnownFileType = sourcecode.swift; path = PageViewController.swift; sourceTree = "<group>"; };
		796AE3DC27F724730062160B /* FeatureCard.swift */ = {isa = PBXFileReference; lastKnownFileType = sourcecode.swift; path = FeatureCard.swift; sourceTree = "<group>"; };
		796AE3DE27F725B40062160B /* PageView.swift */ = {isa = PBXFileReference; lastKnownFileType = sourcecode.swift; path = PageView.swift; sourceTree = "<group>"; };
		796AE3E027F7422A0062160B /* PageControl.swift */ = {isa = PBXFileReference; lastKnownFileType = sourcecode.swift; path = PageControl.swift; sourceTree = "<group>"; };
		7999437627FADAD100418AF3 /* AnnotationState2.swift */ = {isa = PBXFileReference; lastKnownFileType = sourcecode.swift; path = AnnotationState2.swift; sourceTree = "<group>"; };
		7999437827FADEF800418AF3 /* AnnotationBinding.swift */ = {isa = PBXFileReference; lastKnownFileType = sourcecode.swift; path = AnnotationBinding.swift; sourceTree = "<group>"; };
		7999437A27FAE81600418AF3 /* PodcastPlayer.swift */ = {isa = PBXFileReference; lastKnownFileType = sourcecode.swift; path = PodcastPlayer.swift; sourceTree = "<group>"; };
		7999437D27FAE87900418AF3 /* PublishAndObservedObject.swift */ = {isa = PBXFileReference; lastKnownFileType = sourcecode.swift; path = PublishAndObservedObject.swift; sourceTree = "<group>"; };
		79B1558928213229009D9B0C /* FeatureCard1.swift */ = {isa = PBXFileReference; lastKnownFileType = sourcecode.swift; path = FeatureCard1.swift; sourceTree = "<group>"; };
		79B1558B2821326C009D9B0C /* PageView1.swift */ = {isa = PBXFileReference; lastKnownFileType = sourcecode.swift; path = PageView1.swift; sourceTree = "<group>"; };
		79B1558D282132C6009D9B0C /* PageViewController1.swift */ = {isa = PBXFileReference; lastKnownFileType = sourcecode.swift; path = PageViewController1.swift; sourceTree = "<group>"; };
		79B1559028224237009D9B0C /* PageViewController2.swift */ = {isa = PBXFileReference; lastKnownFileType = sourcecode.swift; path = PageViewController2.swift; sourceTree = "<group>"; };
		79B1559228224281009D9B0C /* PageView2.swift */ = {isa = PBXFileReference; lastKnownFileType = sourcecode.swift; path = PageView2.swift; sourceTree = "<group>"; };
		79B155942822429E009D9B0C /* FeatureCard2.swift */ = {isa = PBXFileReference; lastKnownFileType = sourcecode.swift; path = FeatureCard2.swift; sourceTree = "<group>"; };
		79B15599282247F2009D9B0C /* PageViewController3.swift */ = {isa = PBXFileReference; lastKnownFileType = sourcecode.swift; path = PageViewController3.swift; sourceTree = "<group>"; };
		79B1559B2822482A009D9B0C /* PageView3.swift */ = {isa = PBXFileReference; lastKnownFileType = sourcecode.swift; path = PageView3.swift; sourceTree = "<group>"; };
		79B1559D28224851009D9B0C /* FeatureCard3.swift */ = {isa = PBXFileReference; lastKnownFileType = sourcecode.swift; path = FeatureCard3.swift; sourceTree = "<group>"; };
		79D24E8327FAD2D000BBCC68 /* AnnotationState.swift */ = {isa = PBXFileReference; lastKnownFileType = sourcecode.swift; path = AnnotationState.swift; sourceTree = "<group>"; };
/* End PBXFileReference section */

/* Begin PBXFrameworksBuildPhase section */
		7903F93827F081C400B729A2 /* Frameworks */ = {
			isa = PBXFrameworksBuildPhase;
			buildActionMask = 2147483647;
			files = (
			);
			runOnlyForDeploymentPostprocessing = 0;
		};
/* End PBXFrameworksBuildPhase section */

/* Begin PBXGroup section */
		7903F93227F081C400B729A2 = {
			isa = PBXGroup;
			children = (
				7903F93D27F081C400B729A2 /* InterfacingWithUIKit_mine */,
				7903F93C27F081C400B729A2 /* Products */,
			);
			sourceTree = "<group>";
		};
		7903F93C27F081C400B729A2 /* Products */ = {
			isa = PBXGroup;
			children = (
				7903F93B27F081C400B729A2 /* InterfacingWithUIKit_mine.app */,
			);
			name = Products;
			sourceTree = "<group>";
		};
		7903F93D27F081C400B729A2 /* InterfacingWithUIKit_mine */ = {
			isa = PBXGroup;
			children = (
				7903F93E27F081C400B729A2 /* InterfacingWithUIKit_mineApp.swift */,
				79D24E8227FAD29D00BBCC68 /* TestViews */,
				7903F94C27F081E600B729A2 /* Model */,
				7903F95127F081E600B729A2 /* Resources */,
				7903F95427F081E600B729A2 /* Views */,
				7903F94227F081C500B729A2 /* Assets.xcassets */,
				7903F94427F081C500B729A2 /* Preview Content */,
			);
			path = InterfacingWithUIKit_mine;
			sourceTree = "<group>";
		};
		7903F94427F081C500B729A2 /* Preview Content */ = {
			isa = PBXGroup;
			children = (
				7903F94527F081C500B729A2 /* Preview Assets.xcassets */,
			);
			path = "Preview Content";
			sourceTree = "<group>";
		};
		7903F94C27F081E600B729A2 /* Model */ = {
			isa = PBXGroup;
			children = (
				7903F94D27F081E600B729A2 /* Profile.swift */,
				7903F94E27F081E600B729A2 /* Hike.swift */,
				7903F94F27F081E600B729A2 /* ModelData.swift */,
				7903F95027F081E600B729A2 /* Landmark.swift */,
			);
			path = Model;
			sourceTree = "<group>";
		};
		7903F95127F081E600B729A2 /* Resources */ = {
			isa = PBXGroup;
			children = (
				7903F95227F081E600B729A2 /* hikeData.json */,
				7903F95327F081E600B729A2 /* landmarkData.json */,
			);
			path = Resources;
			sourceTree = "<group>";
		};
		7903F95427F081E600B729A2 /* Views */ = {
			isa = PBXGroup;
			children = (
				79B1558828213204009D9B0C /* PageViewStep1 */,
				79B1558F282241DE009D9B0C /* PageViewStep2 */,
				79B15598282247C8009D9B0C /* PageViewStep3 */,
				795DC23827F7214200C40875 /* PageView */,
				7903F95527F081E600B729A2 /* Hikes */,
				7903F95B27F081E600B729A2 /* Landmarks */,
				7903F95F27F081E600B729A2 /* Profiles */,
				7903F96327F081E600B729A2 /* Categories */,
				7903F96727F081E600B729A2 /* ContentView.swift */,
				7903F96827F081E600B729A2 /* Helpers */,
				7903F96C27F081E600B729A2 /* Badges */,
			);
			path = Views;
			sourceTree = "<group>";
		};
		7903F95527F081E600B729A2 /* Hikes */ = {
			isa = PBXGroup;
			children = (
				7903F95627F081E600B729A2 /* GraphCapsule.swift */,
				7903F95727F081E600B729A2 /* HikeGraph.swift */,
				7903F95827F081E600B729A2 /* HikeBadge.swift */,
				7903F95927F081E600B729A2 /* HikeDetail.swift */,
				7903F95A27F081E600B729A2 /* HikeView.swift */,
			);
			path = Hikes;
			sourceTree = "<group>";
		};
		7903F95B27F081E600B729A2 /* Landmarks */ = {
			isa = PBXGroup;
			children = (
				7903F95C27F081E600B729A2 /* LandmarkList.swift */,
				7903F95D27F081E600B729A2 /* LandmarkDetail.swift */,
				7903F95E27F081E600B729A2 /* LandmarkRow.swift */,
			);
			path = Landmarks;
			sourceTree = "<group>";
		};
		7903F95F27F081E600B729A2 /* Profiles */ = {
			isa = PBXGroup;
			children = (
				7903F96027F081E600B729A2 /* ProfileSummary.swift */,
				7903F96127F081E600B729A2 /* ProfileEditor.swift */,
				7903F96227F081E600B729A2 /* ProfileHost.swift */,
			);
			path = Profiles;
			sourceTree = "<group>";
		};
		7903F96327F081E600B729A2 /* Categories */ = {
			isa = PBXGroup;
			children = (
				7903F96427F081E600B729A2 /* CategoryItem.swift */,
				7903F96527F081E600B729A2 /* CategoryHome.swift */,
				7903F96627F081E600B729A2 /* CategoryRow.swift */,
			);
			path = Categories;
			sourceTree = "<group>";
		};
		7903F96827F081E600B729A2 /* Helpers */ = {
			isa = PBXGroup;
			children = (
				7903F96927F081E600B729A2 /* MapView.swift */,
				7903F96A27F081E600B729A2 /* CircleImage.swift */,
				7903F96B27F081E600B729A2 /* FavoriteButton.swift */,
			);
			path = Helpers;
			sourceTree = "<group>";
		};
		7903F96C27F081E600B729A2 /* Badges */ = {
			isa = PBXGroup;
			children = (
				7903F96D27F081E600B729A2 /* RotatedBadgeSymbol.swift */,
				7903F96E27F081E600B729A2 /* HexagonParameters.swift */,
				7903F96F27F081E600B729A2 /* BadgeSymbol.swift */,
				7903F97027F081E600B729A2 /* BadgeBackground.swift */,
				7903F97127F081E600B729A2 /* Badge.swift */,
			);
			path = Badges;
			sourceTree = "<group>";
		};
		795DC23827F7214200C40875 /* PageView */ = {
			isa = PBXGroup;
			children = (
				795DC23927F7216200C40875 /* PageViewController.swift */,
				796AE3DC27F724730062160B /* FeatureCard.swift */,
				796AE3DE27F725B40062160B /* PageView.swift */,
				796AE3E027F7422A0062160B /* PageControl.swift */,
			);
			path = PageView;
			sourceTree = "<group>";
		};
		7999437C27FAE82E00418AF3 /* useless */ = {
			isa = PBXGroup;
			children = (
				7999437A27FAE81600418AF3 /* PodcastPlayer.swift */,
			);
			path = useless;
			sourceTree = "<group>";
		};
		79B1558828213204009D9B0C /* PageViewStep1 */ = {
			isa = PBXGroup;
			children = (
				79B1558928213229009D9B0C /* FeatureCard1.swift */,
				79B1558B2821326C009D9B0C /* PageView1.swift */,
				79B1558D282132C6009D9B0C /* PageViewController1.swift */,
			);
			path = PageViewStep1;
			sourceTree = "<group>";
		};
		79B1558F282241DE009D9B0C /* PageViewStep2 */ = {
			isa = PBXGroup;
			children = (
				79B1559028224237009D9B0C /* PageViewController2.swift */,
				79B1559228224281009D9B0C /* PageView2.swift */,
				79B155942822429E009D9B0C /* FeatureCard2.swift */,
			);
			path = PageViewStep2;
			sourceTree = "<group>";
		};
		79B15598282247C8009D9B0C /* PageViewStep3 */ = {
			isa = PBXGroup;
			children = (
				79B15599282247F2009D9B0C /* PageViewController3.swift */,
				79B1559B2822482A009D9B0C /* PageView3.swift */,
				79B1559D28224851009D9B0C /* FeatureCard3.swift */,
			);
			path = PageViewStep3;
			sourceTree = "<group>";
		};
		79D24E8227FAD29D00BBCC68 /* TestViews */ = {
			isa = PBXGroup;
			children = (
				79D24E8327FAD2D000BBCC68 /* AnnotationState.swift */,
				7999437627FADAD100418AF3 /* AnnotationState2.swift */,
				7999437827FADEF800418AF3 /* AnnotationBinding.swift */,
				7999437D27FAE87900418AF3 /* PublishAndObservedObject.swift */,
				7999437C27FAE82E00418AF3 /* useless */,
			);
			path = TestViews;
			sourceTree = "<group>";
		};
/* End PBXGroup section */

/* Begin PBXNativeTarget section */
		7903F93A27F081C400B729A2 /* InterfacingWithUIKit_mine */ = {
			isa = PBXNativeTarget;
			buildConfigurationList = 7903F94927F081C500B729A2 /* Build configuration list for PBXNativeTarget "InterfacingWithUIKit_mine" */;
			buildPhases = (
				7903F93727F081C400B729A2 /* Sources */,
				7903F93827F081C400B729A2 /* Frameworks */,
				7903F93927F081C400B729A2 /* Resources */,
			);
			buildRules = (
			);
			dependencies = (
			);
			name = InterfacingWithUIKit_mine;
			productName = InterfacingWithUIKit_mine;
			productReference = 7903F93B27F081C400B729A2 /* InterfacingWithUIKit_mine.app */;
			productType = "com.apple.product-type.application";
		};
/* End PBXNativeTarget section */

/* Begin PBXProject section */
		7903F93327F081C400B729A2 /* Project object */ = {
			isa = PBXProject;
			attributes = {
				BuildIndependentTargetsInParallel = 1;
				LastSwiftUpdateCheck = 1320;
				LastUpgradeCheck = 1320;
				TargetAttributes = {
					7903F93A27F081C400B729A2 = {
						CreatedOnToolsVersion = 13.2.1;
					};
				};
			};
			buildConfigurationList = 7903F93627F081C400B729A2 /* Build configuration list for PBXProject "InterfacingWithUIKit_mine" */;
			compatibilityVersion = "Xcode 13.0";
			developmentRegion = en;
			hasScannedForEncodings = 0;
			knownRegions = (
				en,
				Base,
			);
			mainGroup = 7903F93227F081C400B729A2;
			productRefGroup = 7903F93C27F081C400B729A2 /* Products */;
			projectDirPath = "";
			projectRoot = "";
			targets = (
				7903F93A27F081C400B729A2 /* InterfacingWithUIKit_mine */,
			);
		};
/* End PBXProject section */

/* Begin PBXResourcesBuildPhase section */
		7903F93927F081C400B729A2 /* Resources */ = {
			isa = PBXResourcesBuildPhase;
			buildActionMask = 2147483647;
			files = (
				7903F94627F081C500B729A2 /* Preview Assets.xcassets in Resources */,
				7903F97727F081E600B729A2 /* landmarkData.json in Resources */,
				7903F97627F081E600B729A2 /* hikeData.json in Resources */,
				7903F94327F081C500B729A2 /* Assets.xcassets in Resources */,
			);
			runOnlyForDeploymentPostprocessing = 0;
		};
/* End PBXResourcesBuildPhase section */

/* Begin PBXSourcesBuildPhase section */
		7903F93727F081C400B729A2 /* Sources */ = {
			isa = PBXSourcesBuildPhase;
			buildActionMask = 2147483647;
			files = (
				7903F97327F081E600B729A2 /* Hike.swift in Sources */,
				7999437927FADEF800418AF3 /* AnnotationBinding.swift in Sources */,
				7903F97F27F081E600B729A2 /* LandmarkRow.swift in Sources */,
				7903F98127F081E600B729A2 /* ProfileEditor.swift in Sources */,
				79B1559328224281009D9B0C /* PageView2.swift in Sources */,
				7903F98027F081E600B729A2 /* ProfileSummary.swift in Sources */,
				796AE3DD27F724730062160B /* FeatureCard.swift in Sources */,
				7903F97D27F081E600B729A2 /* LandmarkList.swift in Sources */,
				79B1559128224237009D9B0C /* PageViewController2.swift in Sources */,
				79B1558A28213229009D9B0C /* FeatureCard1.swift in Sources */,
				7903F98C27F081E600B729A2 /* BadgeSymbol.swift in Sources */,
				7903F98B27F081E600B729A2 /* HexagonParameters.swift in Sources */,
				79B1558C2821326C009D9B0C /* PageView1.swift in Sources */,
				7999437B27FAE81600418AF3 /* PodcastPlayer.swift in Sources */,
				7903F97427F081E600B729A2 /* ModelData.swift in Sources */,
				7903F98627F081E600B729A2 /* ContentView.swift in Sources */,
				796AE3E127F7422A0062160B /* PageControl.swift in Sources */,
				7903F98727F081E600B729A2 /* MapView.swift in Sources */,
				7903F97B27F081E600B729A2 /* HikeDetail.swift in Sources */,
				7903F97E27F081E600B729A2 /* LandmarkDetail.swift in Sources */,
				7903F97C27F081E600B729A2 /* HikeView.swift in Sources */,
				7903F97827F081E600B729A2 /* GraphCapsule.swift in Sources */,
				7903F98427F081E600B729A2 /* CategoryHome.swift in Sources */,
				79B155952822429E009D9B0C /* FeatureCard2.swift in Sources */,
				7903F93F27F081C400B729A2 /* InterfacingWithUIKit_mineApp.swift in Sources */,
				7903F98227F081E600B729A2 /* ProfileHost.swift in Sources */,
				796AE3DF27F725B40062160B /* PageView.swift in Sources */,
				79B1559C2822482A009D9B0C /* PageView3.swift in Sources */,
				7903F98327F081E600B729A2 /* CategoryItem.swift in Sources */,
				79D24E8427FAD2D000BBCC68 /* AnnotationState.swift in Sources */,
				79B1558E282132C6009D9B0C /* PageViewController1.swift in Sources */,
				7903F97927F081E600B729A2 /* HikeGraph.swift in Sources */,
				79B1559A282247F2009D9B0C /* PageViewController3.swift in Sources */,
				7903F97227F081E600B729A2 /* Profile.swift in Sources */,
				7903F97A27F081E600B729A2 /* HikeBadge.swift in Sources */,
				7903F98E27F081E600B729A2 /* Badge.swift in Sources */,
				7999437E27FAE87900418AF3 /* PublishAndObservedObject.swift in Sources */,
				795DC23A27F7216200C40875 /* PageViewController.swift in Sources */,
				79B1559E28224851009D9B0C /* FeatureCard3.swift in Sources */,
				7903F98827F081E600B729A2 /* CircleImage.swift in Sources */,
				7903F98D27F081E600B729A2 /* BadgeBackground.swift in Sources */,
				7903F97527F081E600B729A2 /* Landmark.swift in Sources */,
				7903F98527F081E600B729A2 /* CategoryRow.swift in Sources */,
				7903F98927F081E600B729A2 /* FavoriteButton.swift in Sources */,
				7903F98A27F081E600B729A2 /* RotatedBadgeSymbol.swift in Sources */,
				7999437727FADAD100418AF3 /* AnnotationState2.swift in Sources */,
			);
			runOnlyForDeploymentPostprocessing = 0;
		};
/* End PBXSourcesBuildPhase section */

/* Begin XCBuildConfiguration section */
		7903F94727F081C500B729A2 /* Debug */ = {
			isa = XCBuildConfiguration;
			buildSettings = {
				ALWAYS_SEARCH_USER_PATHS = NO;
				CLANG_ANALYZER_NONNULL = YES;
				CLANG_ANALYZER_NUMBER_OBJECT_CONVERSION = YES_AGGRESSIVE;
				CLANG_CXX_LANGUAGE_STANDARD = "gnu++17";
				CLANG_CXX_LIBRARY = "libc++";
				CLANG_ENABLE_MODULES = YES;
				CLANG_ENABLE_OBJC_ARC = YES;
				CLANG_ENABLE_OBJC_WEAK = YES;
				CLANG_WARN_BLOCK_CAPTURE_AUTORELEASING = YES;
				CLANG_WARN_BOOL_CONVERSION = YES;
				CLANG_WARN_COMMA = YES;
				CLANG_WARN_CONSTANT_CONVERSION = YES;
				CLANG_WARN_DEPRECATED_OBJC_IMPLEMENTATIONS = YES;
				CLANG_WARN_DIRECT_OBJC_ISA_USAGE = YES_ERROR;
				CLANG_WARN_DOCUMENTATION_COMMENTS = YES;
				CLANG_WARN_EMPTY_BODY = YES;
				CLANG_WARN_ENUM_CONVERSION = YES;
				CLANG_WARN_INFINITE_RECURSION = YES;
				CLANG_WARN_INT_CONVERSION = YES;
				CLANG_WARN_NON_LITERAL_NULL_CONVERSION = YES;
				CLANG_WARN_OBJC_IMPLICIT_RETAIN_SELF = YES;
				CLANG_WARN_OBJC_LITERAL_CONVERSION = YES;
				CLANG_WARN_OBJC_ROOT_CLASS = YES_ERROR;
				CLANG_WARN_QUOTED_INCLUDE_IN_FRAMEWORK_HEADER = YES;
				CLANG_WARN_RANGE_LOOP_ANALYSIS = YES;
				CLANG_WARN_STRICT_PROTOTYPES = YES;
				CLANG_WARN_SUSPICIOUS_MOVE = YES;
				CLANG_WARN_UNGUARDED_AVAILABILITY = YES_AGGRESSIVE;
				CLANG_WARN_UNREACHABLE_CODE = YES;
				CLANG_WARN__DUPLICATE_METHOD_MATCH = YES;
				COPY_PHASE_STRIP = NO;
				DEBUG_INFORMATION_FORMAT = dwarf;
				ENABLE_STRICT_OBJC_MSGSEND = YES;
				ENABLE_TESTABILITY = YES;
				GCC_C_LANGUAGE_STANDARD = gnu11;
				GCC_DYNAMIC_NO_PIC = NO;
				GCC_NO_COMMON_BLOCKS = YES;
				GCC_OPTIMIZATION_LEVEL = 0;
				GCC_PREPROCESSOR_DEFINITIONS = (
					"DEBUG=1",
					"$(inherited)",
				);
				GCC_WARN_64_TO_32_BIT_CONVERSION = YES;
				GCC_WARN_ABOUT_RETURN_TYPE = YES_ERROR;
				GCC_WARN_UNDECLARED_SELECTOR = YES;
				GCC_WARN_UNINITIALIZED_AUTOS = YES_AGGRESSIVE;
				GCC_WARN_UNUSED_FUNCTION = YES;
				GCC_WARN_UNUSED_VARIABLE = YES;
				IPHONEOS_DEPLOYMENT_TARGET = 15.2;
				MTL_ENABLE_DEBUG_INFO = INCLUDE_SOURCE;
				MTL_FAST_MATH = YES;
				ONLY_ACTIVE_ARCH = YES;
				SDKROOT = iphoneos;
				SWIFT_ACTIVE_COMPILATION_CONDITIONS = DEBUG;
				SWIFT_OPTIMIZATION_LEVEL = "-Onone";
			};
			name = Debug;
		};
		7903F94827F081C500B729A2 /* Release */ = {
			isa = XCBuildConfiguration;
			buildSettings = {
				ALWAYS_SEARCH_USER_PATHS = NO;
				CLANG_ANALYZER_NONNULL = YES;
				CLANG_ANALYZER_NUMBER_OBJECT_CONVERSION = YES_AGGRESSIVE;
				CLANG_CXX_LANGUAGE_STANDARD = "gnu++17";
				CLANG_CXX_LIBRARY = "libc++";
				CLANG_ENABLE_MODULES = YES;
				CLANG_ENABLE_OBJC_ARC = YES;
				CLANG_ENABLE_OBJC_WEAK = YES;
				CLANG_WARN_BLOCK_CAPTURE_AUTORELEASING = YES;
				CLANG_WARN_BOOL_CONVERSION = YES;
				CLANG_WARN_COMMA = YES;
				CLANG_WARN_CONSTANT_CONVERSION = YES;
				CLANG_WARN_DEPRECATED_OBJC_IMPLEMENTATIONS = YES;
				CLANG_WARN_DIRECT_OBJC_ISA_USAGE = YES_ERROR;
				CLANG_WARN_DOCUMENTATION_COMMENTS = YES;
				CLANG_WARN_EMPTY_BODY = YES;
				CLANG_WARN_ENUM_CONVERSION = YES;
				CLANG_WARN_INFINITE_RECURSION = YES;
				CLANG_WARN_INT_CONVERSION = YES;
				CLANG_WARN_NON_LITERAL_NULL_CONVERSION = YES;
				CLANG_WARN_OBJC_IMPLICIT_RETAIN_SELF = YES;
				CLANG_WARN_OBJC_LITERAL_CONVERSION = YES;
				CLANG_WARN_OBJC_ROOT_CLASS = YES_ERROR;
				CLANG_WARN_QUOTED_INCLUDE_IN_FRAMEWORK_HEADER = YES;
				CLANG_WARN_RANGE_LOOP_ANALYSIS = YES;
				CLANG_WARN_STRICT_PROTOTYPES = YES;
				CLANG_WARN_SUSPICIOUS_MOVE = YES;
				CLANG_WARN_UNGUARDED_AVAILABILITY = YES_AGGRESSIVE;
				CLANG_WARN_UNREACHABLE_CODE = YES;
				CLANG_WARN__DUPLICATE_METHOD_MATCH = YES;
				COPY_PHASE_STRIP = NO;
				DEBUG_INFORMATION_FORMAT = "dwarf-with-dsym";
				ENABLE_NS_ASSERTIONS = NO;
				ENABLE_STRICT_OBJC_MSGSEND = YES;
				GCC_C_LANGUAGE_STANDARD = gnu11;
				GCC_NO_COMMON_BLOCKS = YES;
				GCC_WARN_64_TO_32_BIT_CONVERSION = YES;
				GCC_WARN_ABOUT_RETURN_TYPE = YES_ERROR;
				GCC_WARN_UNDECLARED_SELECTOR = YES;
				GCC_WARN_UNINITIALIZED_AUTOS = YES_AGGRESSIVE;
				GCC_WARN_UNUSED_FUNCTION = YES;
				GCC_WARN_UNUSED_VARIABLE = YES;
				IPHONEOS_DEPLOYMENT_TARGET = 15.2;
				MTL_ENABLE_DEBUG_INFO = NO;
				MTL_FAST_MATH = YES;
				SDKROOT = iphoneos;
				SWIFT_COMPILATION_MODE = wholemodule;
				SWIFT_OPTIMIZATION_LEVEL = "-O";
				VALIDATE_PRODUCT = YES;
			};
			name = Release;
		};
		7903F94A27F081C500B729A2 /* Debug */ = {
			isa = XCBuildConfiguration;
			buildSettings = {
				ASSETCATALOG_COMPILER_APPICON_NAME = AppIcon;
				ASSETCATALOG_COMPILER_GLOBAL_ACCENT_COLOR_NAME = AccentColor;
				CODE_SIGN_STYLE = Automatic;
				CURRENT_PROJECT_VERSION = 1;
				DEVELOPMENT_ASSET_PATHS = "\"InterfacingWithUIKit_mine/Preview Content\"";
				DEVELOPMENT_TEAM = 2QTK5HPG42;
				ENABLE_PREVIEWS = YES;
				GENERATE_INFOPLIST_FILE = YES;
				INFOPLIST_KEY_UIApplicationSceneManifest_Generation = YES;
				INFOPLIST_KEY_UIApplicationSupportsIndirectInputEvents = YES;
				INFOPLIST_KEY_UILaunchScreen_Generation = YES;
				INFOPLIST_KEY_UISupportedInterfaceOrientations_iPad = "UIInterfaceOrientationPortrait UIInterfaceOrientationPortraitUpsideDown UIInterfaceOrientationLandscapeLeft UIInterfaceOrientationLandscapeRight";
				INFOPLIST_KEY_UISupportedInterfaceOrientations_iPhone = "UIInterfaceOrientationPortrait UIInterfaceOrientationLandscapeLeft UIInterfaceOrientationLandscapeRight";
				LD_RUNPATH_SEARCH_PATHS = (
					"$(inherited)",
					"@executable_path/Frameworks",
				);
				MARKETING_VERSION = 1.0;
				PRODUCT_BUNDLE_IDENTIFIER = "com.yl.InterfacingWithUIKit-mine";
				PRODUCT_NAME = "$(TARGET_NAME)";
				SWIFT_EMIT_LOC_STRINGS = YES;
				SWIFT_VERSION = 5.0;
				TARGETED_DEVICE_FAMILY = "1,2";
			};
			name = Debug;
		};
		7903F94B27F081C500B729A2 /* Release */ = {
			isa = XCBuildConfiguration;
			buildSettings = {
				ASSETCATALOG_COMPILER_APPICON_NAME = AppIcon;
				ASSETCATALOG_COMPILER_GLOBAL_ACCENT_COLOR_NAME = AccentColor;
				CODE_SIGN_STYLE = Automatic;
				CURRENT_PROJECT_VERSION = 1;
				DEVELOPMENT_ASSET_PATHS = "\"InterfacingWithUIKit_mine/Preview Content\"";
				DEVELOPMENT_TEAM = 2QTK5HPG42;
				ENABLE_PREVIEWS = YES;
				GENERATE_INFOPLIST_FILE = YES;
				INFOPLIST_KEY_UIApplicationSceneManifest_Generation = YES;
				INFOPLIST_KEY_UIApplicationSupportsIndirectInputEvents = YES;
				INFOPLIST_KEY_UILaunchScreen_Generation = YES;
				INFOPLIST_KEY_UISupportedInterfaceOrientations_iPad = "UIInterfaceOrientationPortrait UIInterfaceOrientationPortraitUpsideDown UIInterfaceOrientationLandscapeLeft UIInterfaceOrientationLandscapeRight";
				INFOPLIST_KEY_UISupportedInterfaceOrientations_iPhone = "UIInterfaceOrientationPortrait UIInterfaceOrientationLandscapeLeft UIInterfaceOrientationLandscapeRight";
				LD_RUNPATH_SEARCH_PATHS = (
					"$(inherited)",
					"@executable_path/Frameworks",
				);
				MARKETING_VERSION = 1.0;
				PRODUCT_BUNDLE_IDENTIFIER = "com.yl.InterfacingWithUIKit-mine";
				PRODUCT_NAME = "$(TARGET_NAME)";
				SWIFT_EMIT_LOC_STRINGS = YES;
				SWIFT_VERSION = 5.0;
				TARGETED_DEVICE_FAMILY = "1,2";
			};
			name = Release;
		};
/* End XCBuildConfiguration section */

/* Begin XCConfigurationList section */
		7903F93627F081C400B729A2 /* Build configuration list for PBXProject "InterfacingWithUIKit_mine" */ = {
			isa = XCConfigurationList;
			buildConfigurations = (
				7903F94727F081C500B729A2 /* Debug */,
				7903F94827F081C500B729A2 /* Release */,
			);
			defaultConfigurationIsVisible = 0;
			defaultConfigurationName = Release;
		};
		7903F94927F081C500B729A2 /* Build configuration list for PBXNativeTarget "InterfacingWithUIKit_mine" */ = {
			isa = XCConfigurationList;
			buildConfigurations = (
				7903F94A27F081C500B729A2 /* Debug */,
				7903F94B27F081C500B729A2 /* Release */,
			);
			defaultConfigurationIsVisible = 0;
			defaultConfigurationName = Release;
		};
/* End XCConfigurationList section */
	};
	rootObject = 7903F93327F081C400B729A2 /* Project object */;
}
