// !$*UTF8*$!
{
	archiveVersion = 1;
	classes = {
	};
	objectVersion = 55;
	objects = {

/* Begin PBXBuildFile section */
		7980FE8C27CFACC600F94602 /* AppDelegate.m in Sources */ = {isa = PBXBuildFile; fileRef = 7980FE8B27CFACC600F94602 /* AppDelegate.m */; };
		7980FE8F27CFACC600F94602 /* SceneDelegate.m in Sources */ = {isa = PBXBuildFile; fileRef = 7980FE8E27CFACC600F94602 /* SceneDelegate.m */; };
		7980FE9227CFACC600F94602 /* ViewController.m in Sources */ = {isa = PBXBuildFile; fileRef = 7980FE9127CFACC600F94602 /* ViewController.m */; };
		7980FE9527CFACC600F94602 /* Main.storyboard in Resources */ = {isa = PBXBuildFile; fileRef = 7980FE9327CFACC600F94602 /* Main.storyboard */; };
		7980FE9727CFACC700F94602 /* Assets.xcassets in Resources */ = {isa = PBXBuildFile; fileRef = 7980FE9627CFACC700F94602 /* Assets.xcassets */; };
		7980FE9A27CFACC700F94602 /* LaunchScreen.storyboard in Resources */ = {isa = PBXBuildFile; fileRef = 7980FE9827CFACC700F94602 /* LaunchScreen.storyboard */; };
		7980FE9D27CFACC700F94602 /* main.m in Sources */ = {isa = PBXBuildFile; fileRef = 7980FE9C27CFACC700F94602 /* main.m */; };
		7980FEA527CFAD4300F94602 /* View1.m in Sources */ = {isa = PBXBuildFile; fileRef = 7980FEA427CFAD4300F94602 /* View1.m */; };
		7980FEA827CFB65800F94602 /* View1Controller.m in Sources */ = {isa = PBXBuildFile; fileRef = 7980FEA727CFB65800F94602 /* View1Controller.m */; };
		7980FEAB27CFB75500F94602 /* ReminderViewController.m in Sources */ = {isa = PBXBuildFile; fileRef = 7980FEAA27CFB75500F94602 /* ReminderViewController.m */; };
		7980FEAD27CFB8A600F94602 /* ReminderViewController.xib in Resources */ = {isa = PBXBuildFile; fileRef = 7980FEAC27CFB8A600F94602 /* ReminderViewController.xib */; };
/* End PBXBuildFile section */

/* Begin PBXFileReference section */
		7980FE8727CFACC600F94602 /* TabBarDemo_mine.app */ = {isa = PBXFileReference; explicitFileType = wrapper.application; includeInIndex = 0; path = TabBarDemo_mine.app; sourceTree = BUILT_PRODUCTS_DIR; };
		7980FE8A27CFACC600F94602 /* AppDelegate.h */ = {isa = PBXFileReference; lastKnownFileType = sourcecode.c.h; path = AppDelegate.h; sourceTree = "<group>"; };
		7980FE8B27CFACC600F94602 /* AppDelegate.m */ = {isa = PBXFileReference; lastKnownFileType = sourcecode.c.objc; path = AppDelegate.m; sourceTree = "<group>"; };
		7980FE8D27CFACC600F94602 /* SceneDelegate.h */ = {isa = PBXFileReference; lastKnownFileType = sourcecode.c.h; path = SceneDelegate.h; sourceTree = "<group>"; };
		7980FE8E27CFACC600F94602 /* SceneDelegate.m */ = {isa = PBXFileReference; lastKnownFileType = sourcecode.c.objc; path = SceneDelegate.m; sourceTree = "<group>"; };
		7980FE9027CFACC600F94602 /* ViewController.h */ = {isa = PBXFileReference; lastKnownFileType = sourcecode.c.h; path = ViewController.h; sourceTree = "<group>"; };
		7980FE9127CFACC600F94602 /* ViewController.m */ = {isa = PBXFileReference; lastKnownFileType = sourcecode.c.objc; path = ViewController.m; sourceTree = "<group>"; };
		7980FE9427CFACC600F94602 /* Base */ = {isa = PBXFileReference; lastKnownFileType = file.storyboard; name = Base; path = Base.lproj/Main.storyboard; sourceTree = "<group>"; };
		7980FE9627CFACC700F94602 /* Assets.xcassets */ = {isa = PBXFileReference; lastKnownFileType = folder.assetcatalog; path = Assets.xcassets; sourceTree = "<group>"; };
		7980FE9927CFACC700F94602 /* Base */ = {isa = PBXFileReference; lastKnownFileType = file.storyboard; name = Base; path = Base.lproj/LaunchScreen.storyboard; sourceTree = "<group>"; };
		7980FE9B27CFACC700F94602 /* Info.plist */ = {isa = PBXFileReference; lastKnownFileType = text.plist.xml; path = Info.plist; sourceTree = "<group>"; };
		7980FE9C27CFACC700F94602 /* main.m */ = {isa = PBXFileReference; lastKnownFileType = sourcecode.c.objc; path = main.m; sourceTree = "<group>"; };
		7980FEA327CFAD4300F94602 /* View1.h */ = {isa = PBXFileReference; lastKnownFileType = sourcecode.c.h; path = View1.h; sourceTree = "<group>"; };
		7980FEA427CFAD4300F94602 /* View1.m */ = {isa = PBXFileReference; lastKnownFileType = sourcecode.c.objc; path = View1.m; sourceTree = "<group>"; };
		7980FEA627CFB65800F94602 /* View1Controller.h */ = {isa = PBXFileReference; lastKnownFileType = sourcecode.c.h; path = View1Controller.h; sourceTree = "<group>"; };
		7980FEA727CFB65800F94602 /* View1Controller.m */ = {isa = PBXFileReference; lastKnownFileType = sourcecode.c.objc; path = View1Controller.m; sourceTree = "<group>"; };
		7980FEA927CFB75500F94602 /* ReminderViewController.h */ = {isa = PBXFileReference; lastKnownFileType = sourcecode.c.h; path = ReminderViewController.h; sourceTree = "<group>"; };
		7980FEAA27CFB75500F94602 /* ReminderViewController.m */ = {isa = PBXFileReference; lastKnownFileType = sourcecode.c.objc; path = ReminderViewController.m; sourceTree = "<group>"; };
		7980FEAC27CFB8A600F94602 /* ReminderViewController.xib */ = {isa = PBXFileReference; lastKnownFileType = file.xib; path = ReminderViewController.xib; sourceTree = "<group>"; };
/* End PBXFileReference section */

/* Begin PBXFrameworksBuildPhase section */
		7980FE8427CFACC600F94602 /* Frameworks */ = {
			isa = PBXFrameworksBuildPhase;
			buildActionMask = 2147483647;
			files = (
			);
			runOnlyForDeploymentPostprocessing = 0;
		};
/* End PBXFrameworksBuildPhase section */

/* Begin PBXGroup section */
		7980FE7E27CFACC600F94602 = {
			isa = PBXGroup;
			children = (
				7980FE8927CFACC600F94602 /* TabBarDemo_mine */,
				7980FE8827CFACC600F94602 /* Products */,
			);
			sourceTree = "<group>";
		};
		7980FE8827CFACC600F94602 /* Products */ = {
			isa = PBXGroup;
			children = (
				7980FE8727CFACC600F94602 /* TabBarDemo_mine.app */,
			);
			name = Products;
			sourceTree = "<group>";
		};
		7980FE8927CFACC600F94602 /* TabBarDemo_mine */ = {
			isa = PBXGroup;
			children = (
				7980FE8A27CFACC600F94602 /* AppDelegate.h */,
				7980FE8B27CFACC600F94602 /* AppDelegate.m */,
				7980FE8D27CFACC600F94602 /* SceneDelegate.h */,
				7980FE8E27CFACC600F94602 /* SceneDelegate.m */,
				7980FE9027CFACC600F94602 /* ViewController.h */,
				7980FE9127CFACC600F94602 /* ViewController.m */,
				7980FE9327CFACC600F94602 /* Main.storyboard */,
				7980FE9627CFACC700F94602 /* Assets.xcassets */,
				7980FE9827CFACC700F94602 /* LaunchScreen.storyboard */,
				7980FE9B27CFACC700F94602 /* Info.plist */,
				7980FE9C27CFACC700F94602 /* main.m */,
				7980FEA327CFAD4300F94602 /* View1.h */,
				7980FEA427CFAD4300F94602 /* View1.m */,
				7980FEA627CFB65800F94602 /* View1Controller.h */,
				7980FEA727CFB65800F94602 /* View1Controller.m */,
				7980FEA927CFB75500F94602 /* ReminderViewController.h */,
				7980FEAA27CFB75500F94602 /* ReminderViewController.m */,
				7980FEAC27CFB8A600F94602 /* ReminderViewController.xib */,
			);
			path = TabBarDemo_mine;
			sourceTree = "<group>";
		};
/* End PBXGroup section */

/* Begin PBXNativeTarget section */
		7980FE8627CFACC600F94602 /* TabBarDemo_mine */ = {
			isa = PBXNativeTarget;
			buildConfigurationList = 7980FEA027CFACC700F94602 /* Build configuration list for PBXNativeTarget "TabBarDemo_mine" */;
			buildPhases = (
				7980FE8327CFACC600F94602 /* Sources */,
				7980FE8427CFACC600F94602 /* Frameworks */,
				7980FE8527CFACC600F94602 /* Resources */,
			);
			buildRules = (
			);
			dependencies = (
			);
			name = TabBarDemo_mine;
			productName = TabBarDemo_mine;
			productReference = 7980FE8727CFACC600F94602 /* TabBarDemo_mine.app */;
			productType = "com.apple.product-type.application";
		};
/* End PBXNativeTarget section */

/* Begin PBXProject section */
		7980FE7F27CFACC600F94602 /* Project object */ = {
			isa = PBXProject;
			attributes = {
				BuildIndependentTargetsInParallel = 1;
				LastUpgradeCheck = 1320;
				TargetAttributes = {
					7980FE8627CFACC600F94602 = {
						CreatedOnToolsVersion = 13.2.1;
					};
				};
			};
			buildConfigurationList = 7980FE8227CFACC600F94602 /* Build configuration list for PBXProject "TabBarDemo_mine" */;
			compatibilityVersion = "Xcode 13.0";
			developmentRegion = en;
			hasScannedForEncodings = 0;
			knownRegions = (
				en,
				Base,
			);
			mainGroup = 7980FE7E27CFACC600F94602;
			productRefGroup = 7980FE8827CFACC600F94602 /* Products */;
			projectDirPath = "";
			projectRoot = "";
			targets = (
				7980FE8627CFACC600F94602 /* TabBarDemo_mine */,
			);
		};
/* End PBXProject section */

/* Begin PBXResourcesBuildPhase section */
		7980FE8527CFACC600F94602 /* Resources */ = {
			isa = PBXResourcesBuildPhase;
			buildActionMask = 2147483647;
			files = (
				7980FEAD27CFB8A600F94602 /* ReminderViewController.xib in Resources */,
				7980FE9A27CFACC700F94602 /* LaunchScreen.storyboard in Resources */,
				7980FE9727CFACC700F94602 /* Assets.xcassets in Resources */,
				7980FE9527CFACC600F94602 /* Main.storyboard in Resources */,
			);
			runOnlyForDeploymentPostprocessing = 0;
		};
/* End PBXResourcesBuildPhase section */

/* Begin PBXSourcesBuildPhase section */
		7980FE8327CFACC600F94602 /* Sources */ = {
			isa = PBXSourcesBuildPhase;
			buildActionMask = 2147483647;
			files = (
				7980FEA827CFB65800F94602 /* View1Controller.m in Sources */,
				7980FE9227CFACC600F94602 /* ViewController.m in Sources */,
				7980FEA527CFAD4300F94602 /* View1.m in Sources */,
				7980FE8C27CFACC600F94602 /* AppDelegate.m in Sources */,
				7980FEAB27CFB75500F94602 /* ReminderViewController.m in Sources */,
				7980FE9D27CFACC700F94602 /* main.m in Sources */,
				7980FE8F27CFACC600F94602 /* SceneDelegate.m in Sources */,
			);
			runOnlyForDeploymentPostprocessing = 0;
		};
/* End PBXSourcesBuildPhase section */

/* Begin PBXVariantGroup section */
		7980FE9327CFACC600F94602 /* Main.storyboard */ = {
			isa = PBXVariantGroup;
			children = (
				7980FE9427CFACC600F94602 /* Base */,
			);
			name = Main.storyboard;
			sourceTree = "<group>";
		};
		7980FE9827CFACC700F94602 /* LaunchScreen.storyboard */ = {
			isa = PBXVariantGroup;
			children = (
				7980FE9927CFACC700F94602 /* Base */,
			);
			name = LaunchScreen.storyboard;
			sourceTree = "<group>";
		};
/* End PBXVariantGroup section */

/* Begin XCBuildConfiguration section */
		7980FE9E27CFACC700F94602 /* Debug */ = {
			isa = XCBuildConfiguration;
			buildSettings = {
				ALWAYS_SEARCH_USER_PATHS = NO;
				CLANG_ANALYZER_NONNULL = YES;
				CLANG_ANALYZER_NUMBER_OBJECT_CONVERSION = YES_AGGRESSIVE;
				CLANG_CXX_LANGUAGE_STANDARD = "gnu++17";
				CLANG_CXX_LIBRARY = "libc++";
				CLANG_ENABLE_MODULES = YES;
				CLANG_ENABLE_OBJC_ARC = YES;
				CLANG_ENABLE_OBJC_WEAK = YES;
				CLANG_WARN_BLOCK_CAPTURE_AUTORELEASING = YES;
				CLANG_WARN_BOOL_CONVERSION = YES;
				CLANG_WARN_COMMA = YES;
				CLANG_WARN_CONSTANT_CONVERSION = YES;
				CLANG_WARN_DEPRECATED_OBJC_IMPLEMENTATIONS = YES;
				CLANG_WARN_DIRECT_OBJC_ISA_USAGE = YES_ERROR;
				CLANG_WARN_DOCUMENTATION_COMMENTS = YES;
				CLANG_WARN_EMPTY_BODY = YES;
				CLANG_WARN_ENUM_CONVERSION = YES;
				CLANG_WARN_INFINITE_RECURSION = YES;
				CLANG_WARN_INT_CONVERSION = YES;
				CLANG_WARN_NON_LITERAL_NULL_CONVERSION = YES;
				CLANG_WARN_OBJC_IMPLICIT_RETAIN_SELF = YES;
				CLANG_WARN_OBJC_LITERAL_CONVERSION = YES;
				CLANG_WARN_OBJC_ROOT_CLASS = YES_ERROR;
				CLANG_WARN_QUOTED_INCLUDE_IN_FRAMEWORK_HEADER = YES;
				CLANG_WARN_RANGE_LOOP_ANALYSIS = YES;
				CLANG_WARN_STRICT_PROTOTYPES = YES;
				CLANG_WARN_SUSPICIOUS_MOVE = YES;
				CLANG_WARN_UNGUARDED_AVAILABILITY = YES_AGGRESSIVE;
				CLANG_WARN_UNREACHABLE_CODE = YES;
				CLANG_WARN__DUPLICATE_METHOD_MATCH = YES;
				COPY_PHASE_STRIP = NO;
				DEBUG_INFORMATION_FORMAT = dwarf;
				ENABLE_STRICT_OBJC_MSGSEND = YES;
				ENABLE_TESTABILITY = YES;
				GCC_C_LANGUAGE_STANDARD = gnu11;
				GCC_DYNAMIC_NO_PIC = NO;
				GCC_NO_COMMON_BLOCKS = YES;
				GCC_OPTIMIZATION_LEVEL = 0;
				GCC_PREPROCESSOR_DEFINITIONS = (
					"DEBUG=1",
					"$(inherited)",
				);
				GCC_WARN_64_TO_32_BIT_CONVERSION = YES;
				GCC_WARN_ABOUT_RETURN_TYPE = YES_ERROR;
				GCC_WARN_UNDECLARED_SELECTOR = YES;
				GCC_WARN_UNINITIALIZED_AUTOS = YES_AGGRESSIVE;
				GCC_WARN_UNUSED_FUNCTION = YES;
				GCC_WARN_UNUSED_VARIABLE = YES;
				IPHONEOS_DEPLOYMENT_TARGET = 15.2;
				MTL_ENABLE_DEBUG_INFO = INCLUDE_SOURCE;
				MTL_FAST_MATH = YES;
				ONLY_ACTIVE_ARCH = YES;
				SDKROOT = iphoneos;
			};
			name = Debug;
		};
		7980FE9F27CFACC700F94602 /* Release */ = {
			isa = XCBuildConfiguration;
			buildSettings = {
				ALWAYS_SEARCH_USER_PATHS = NO;
				CLANG_ANALYZER_NONNULL = YES;
				CLANG_ANALYZER_NUMBER_OBJECT_CONVERSION = YES_AGGRESSIVE;
				CLANG_CXX_LANGUAGE_STANDARD = "gnu++17";
				CLANG_CXX_LIBRARY = "libc++";
				CLANG_ENABLE_MODULES = YES;
				CLANG_ENABLE_OBJC_ARC = YES;
				CLANG_ENABLE_OBJC_WEAK = YES;
				CLANG_WARN_BLOCK_CAPTURE_AUTORELEASING = YES;
				CLANG_WARN_BOOL_CONVERSION = YES;
				CLANG_WARN_COMMA = YES;
				CLANG_WARN_CONSTANT_CONVERSION = YES;
				CLANG_WARN_DEPRECATED_OBJC_IMPLEMENTATIONS = YES;
				CLANG_WARN_DIRECT_OBJC_ISA_USAGE = YES_ERROR;
				CLANG_WARN_DOCUMENTATION_COMMENTS = YES;
				CLANG_WARN_EMPTY_BODY = YES;
				CLANG_WARN_ENUM_CONVERSION = YES;
				CLANG_WARN_INFINITE_RECURSION = YES;
				CLANG_WARN_INT_CONVERSION = YES;
				CLANG_WARN_NON_LITERAL_NULL_CONVERSION = YES;
				CLANG_WARN_OBJC_IMPLICIT_RETAIN_SELF = YES;
				CLANG_WARN_OBJC_LITERAL_CONVERSION = YES;
				CLANG_WARN_OBJC_ROOT_CLASS = YES_ERROR;
				CLANG_WARN_QUOTED_INCLUDE_IN_FRAMEWORK_HEADER = YES;
				CLANG_WARN_RANGE_LOOP_ANALYSIS = YES;
				CLANG_WARN_STRICT_PROTOTYPES = YES;
				CLANG_WARN_SUSPICIOUS_MOVE = YES;
				CLANG_WARN_UNGUARDED_AVAILABILITY = YES_AGGRESSIVE;
				CLANG_WARN_UNREACHABLE_CODE = YES;
				CLANG_WARN__DUPLICATE_METHOD_MATCH = YES;
				COPY_PHASE_STRIP = NO;
				DEBUG_INFORMATION_FORMAT = "dwarf-with-dsym";
				ENABLE_NS_ASSERTIONS = NO;
				ENABLE_STRICT_OBJC_MSGSEND = YES;
				GCC_C_LANGUAGE_STANDARD = gnu11;
				GCC_NO_COMMON_BLOCKS = YES;
				GCC_WARN_64_TO_32_BIT_CONVERSION = YES;
				GCC_WARN_ABOUT_RETURN_TYPE = YES_ERROR;
				GCC_WARN_UNDECLARED_SELECTOR = YES;
				GCC_WARN_UNINITIALIZED_AUTOS = YES_AGGRESSIVE;
				GCC_WARN_UNUSED_FUNCTION = YES;
				GCC_WARN_UNUSED_VARIABLE = YES;
				IPHONEOS_DEPLOYMENT_TARGET = 15.2;
				MTL_ENABLE_DEBUG_INFO = NO;
				MTL_FAST_MATH = YES;
				SDKROOT = iphoneos;
				VALIDATE_PRODUCT = YES;
			};
			name = Release;
		};
		7980FEA127CFACC700F94602 /* Debug */ = {
			isa = XCBuildConfiguration;
			buildSettings = {
				ASSETCATALOG_COMPILER_APPICON_NAME = AppIcon;
				ASSETCATALOG_COMPILER_GLOBAL_ACCENT_COLOR_NAME = AccentColor;
				CODE_SIGN_STYLE = Automatic;
				CURRENT_PROJECT_VERSION = 1;
				DEVELOPMENT_TEAM = 2QTK5HPG42;
				GENERATE_INFOPLIST_FILE = YES;
				INFOPLIST_FILE = TabBarDemo_mine/Info.plist;
				INFOPLIST_KEY_UIApplicationSupportsIndirectInputEvents = YES;
				INFOPLIST_KEY_UILaunchStoryboardName = LaunchScreen;
				INFOPLIST_KEY_UIMainStoryboardFile = Main;
				INFOPLIST_KEY_UISupportedInterfaceOrientations_iPad = "UIInterfaceOrientationPortrait UIInterfaceOrientationPortraitUpsideDown UIInterfaceOrientationLandscapeLeft UIInterfaceOrientationLandscapeRight";
				INFOPLIST_KEY_UISupportedInterfaceOrientations_iPhone = "UIInterfaceOrientationPortrait UIInterfaceOrientationLandscapeLeft UIInterfaceOrientationLandscapeRight";
				LD_RUNPATH_SEARCH_PATHS = (
					"$(inherited)",
					"@executable_path/Frameworks",
				);
				MARKETING_VERSION = 1.0;
				PRODUCT_BUNDLE_IDENTIFIER = "com.yl.TabBarDemo-mine";
				PRODUCT_NAME = "$(TARGET_NAME)";
				SWIFT_EMIT_LOC_STRINGS = YES;
				TARGETED_DEVICE_FAMILY = "1,2";
			};
			name = Debug;
		};
		7980FEA227CFACC700F94602 /* Release */ = {
			isa = XCBuildConfiguration;
			buildSettings = {
				ASSETCATALOG_COMPILER_APPICON_NAME = AppIcon;
				ASSETCATALOG_COMPILER_GLOBAL_ACCENT_COLOR_NAME = AccentColor;
				CODE_SIGN_STYLE = Automatic;
				CURRENT_PROJECT_VERSION = 1;
				DEVELOPMENT_TEAM = 2QTK5HPG42;
				GENERATE_INFOPLIST_FILE = YES;
				INFOPLIST_FILE = TabBarDemo_mine/Info.plist;
				INFOPLIST_KEY_UIApplicationSupportsIndirectInputEvents = YES;
				INFOPLIST_KEY_UILaunchStoryboardName = LaunchScreen;
				INFOPLIST_KEY_UIMainStoryboardFile = Main;
				INFOPLIST_KEY_UISupportedInterfaceOrientations_iPad = "UIInterfaceOrientationPortrait UIInterfaceOrientationPortraitUpsideDown UIInterfaceOrientationLandscapeLeft UIInterfaceOrientationLandscapeRight";
				INFOPLIST_KEY_UISupportedInterfaceOrientations_iPhone = "UIInterfaceOrientationPortrait UIInterfaceOrientationLandscapeLeft UIInterfaceOrientationLandscapeRight";
				LD_RUNPATH_SEARCH_PATHS = (
					"$(inherited)",
					"@executable_path/Frameworks",
				);
				MARKETING_VERSION = 1.0;
				PRODUCT_BUNDLE_IDENTIFIER = "com.yl.TabBarDemo-mine";
				PRODUCT_NAME = "$(TARGET_NAME)";
				SWIFT_EMIT_LOC_STRINGS = YES;
				TARGETED_DEVICE_FAMILY = "1,2";
			};
			name = Release;
		};
/* End XCBuildConfiguration section */

/* Begin XCConfigurationList section */
		7980FE8227CFACC600F94602 /* Build configuration list for PBXProject "TabBarDemo_mine" */ = {
			isa = XCConfigurationList;
			buildConfigurations = (
				7980FE9E27CFACC700F94602 /* Debug */,
				7980FE9F27CFACC700F94602 /* Release */,
			);
			defaultConfigurationIsVisible = 0;
			defaultConfigurationName = Release;
		};
		7980FEA027CFACC700F94602 /* Build configuration list for PBXNativeTarget "TabBarDemo_mine" */ = {
			isa = XCConfigurationList;
			buildConfigurations = (
				7980FEA127CFACC700F94602 /* Debug */,
				7980FEA227CFACC700F94602 /* Release */,
			);
			defaultConfigurationIsVisible = 0;
			defaultConfigurationName = Release;
		};
/* End XCConfigurationList section */
	};
	rootObject = 7980FE7F27CFACC600F94602 /* Project object */;
}
