// !$*UTF8*$!
{
	archiveVersion = 1;
	classes = {
	};
	objectVersion = 55;
	objects = {

/* Begin PBXBuildFile section */
		79B155F4282779DF009D9B0C /* z01_swiftui_coredata_crudApp.swift in Sources */ = {isa = PBXBuildFile; fileRef = 79B155F3282779DF009D9B0C /* z01_swiftui_coredata_crudApp.swift */; };
		79B155F6282779DF009D9B0C /* ContentView.swift in Sources */ = {isa = PBXBuildFile; fileRef = 79B155F5282779DF009D9B0C /* ContentView.swift */; };
		79B155F8282779E0009D9B0C /* Assets.xcassets in Resources */ = {isa = PBXBuildFile; fileRef = 79B155F7282779E0009D9B0C /* Assets.xcassets */; };
		79B155FB282779E0009D9B0C /* Preview Assets.xcassets in Resources */ = {isa = PBXBuildFile; fileRef = 79B155FA282779E0009D9B0C /* Preview Assets.xcassets */; };
		79B155FD282779E0009D9B0C /* Persistence.swift in Sources */ = {isa = PBXBuildFile; fileRef = 79B155FC282779E0009D9B0C /* Persistence.swift */; };
		79EEC7172827837E00D69CB2 /* test03.xcdatamodeld in Sources */ = {isa = PBXBuildFile; fileRef = 79EEC7152827837E00D69CB2 /* test03.xcdatamodeld */; };
/* End PBXBuildFile section */

/* Begin PBXFileReference section */
		79B155F0282779DF009D9B0C /* z01_swiftui_coredata_crud.app */ = {isa = PBXFileReference; explicitFileType = wrapper.application; includeInIndex = 0; path = z01_swiftui_coredata_crud.app; sourceTree = BUILT_PRODUCTS_DIR; };
		79B155F3282779DF009D9B0C /* z01_swiftui_coredata_crudApp.swift */ = {isa = PBXFileReference; lastKnownFileType = sourcecode.swift; path = z01_swiftui_coredata_crudApp.swift; sourceTree = "<group>"; };
		79B155F5282779DF009D9B0C /* ContentView.swift */ = {isa = PBXFileReference; lastKnownFileType = sourcecode.swift; path = ContentView.swift; sourceTree = "<group>"; };
		79B155F7282779E0009D9B0C /* Assets.xcassets */ = {isa = PBXFileReference; lastKnownFileType = folder.assetcatalog; path = Assets.xcassets; sourceTree = "<group>"; };
		79B155FA282779E0009D9B0C /* Preview Assets.xcassets */ = {isa = PBXFileReference; lastKnownFileType = folder.assetcatalog; path = "Preview Assets.xcassets"; sourceTree = "<group>"; };
		79B155FC282779E0009D9B0C /* Persistence.swift */ = {isa = PBXFileReference; lastKnownFileType = sourcecode.swift; path = Persistence.swift; sourceTree = "<group>"; };
		79EEC7162827837E00D69CB2 /* test03.xcdatamodel */ = {isa = PBXFileReference; lastKnownFileType = wrapper.xcdatamodel; path = test03.xcdatamodel; sourceTree = "<group>"; };
/* End PBXFileReference section */

/* Begin PBXFrameworksBuildPhase section */
		79B155ED282779DF009D9B0C /* Frameworks */ = {
			isa = PBXFrameworksBuildPhase;
			buildActionMask = 2147483647;
			files = (
			);
			runOnlyForDeploymentPostprocessing = 0;
		};
/* End PBXFrameworksBuildPhase section */

/* Begin PBXGroup section */
		79B155E7282779DF009D9B0C = {
			isa = PBXGroup;
			children = (
				79B155F2282779DF009D9B0C /* z01_swiftui_coredata_crud */,
				79B155F1282779DF009D9B0C /* Products */,
			);
			sourceTree = "<group>";
		};
		79B155F1282779DF009D9B0C /* Products */ = {
			isa = PBXGroup;
			children = (
				79B155F0282779DF009D9B0C /* z01_swiftui_coredata_crud.app */,
			);
			name = Products;
			sourceTree = "<group>";
		};
		79B155F2282779DF009D9B0C /* z01_swiftui_coredata_crud */ = {
			isa = PBXGroup;
			children = (
				79B155F3282779DF009D9B0C /* z01_swiftui_coredata_crudApp.swift */,
				79B155F5282779DF009D9B0C /* ContentView.swift */,
				79B155F7282779E0009D9B0C /* Assets.xcassets */,
				79B155FC282779E0009D9B0C /* Persistence.swift */,
				79EEC7152827837E00D69CB2 /* test03.xcdatamodeld */,
				79B155F9282779E0009D9B0C /* Preview Content */,
			);
			path = z01_swiftui_coredata_crud;
			sourceTree = "<group>";
		};
		79B155F9282779E0009D9B0C /* Preview Content */ = {
			isa = PBXGroup;
			children = (
				79B155FA282779E0009D9B0C /* Preview Assets.xcassets */,
			);
			path = "Preview Content";
			sourceTree = "<group>";
		};
/* End PBXGroup section */

/* Begin PBXNativeTarget section */
		79B155EF282779DF009D9B0C /* z01_swiftui_coredata_crud */ = {
			isa = PBXNativeTarget;
			buildConfigurationList = 79B15603282779E0009D9B0C /* Build configuration list for PBXNativeTarget "z01_swiftui_coredata_crud" */;
			buildPhases = (
				79B155EC282779DF009D9B0C /* Sources */,
				79B155ED282779DF009D9B0C /* Frameworks */,
				79B155EE282779DF009D9B0C /* Resources */,
			);
			buildRules = (
			);
			dependencies = (
			);
			name = z01_swiftui_coredata_crud;
			productName = z01_swiftui_coredata_crud;
			productReference = 79B155F0282779DF009D9B0C /* z01_swiftui_coredata_crud.app */;
			productType = "com.apple.product-type.application";
		};
/* End PBXNativeTarget section */

/* Begin PBXProject section */
		79B155E8282779DF009D9B0C /* Project object */ = {
			isa = PBXProject;
			attributes = {
				BuildIndependentTargetsInParallel = 1;
				LastSwiftUpdateCheck = 1320;
				LastUpgradeCheck = 1320;
				TargetAttributes = {
					79B155EF282779DF009D9B0C = {
						CreatedOnToolsVersion = 13.2.1;
					};
				};
			};
			buildConfigurationList = 79B155EB282779DF009D9B0C /* Build configuration list for PBXProject "z01_swiftui_coredata_crud" */;
			compatibilityVersion = "Xcode 13.0";
			developmentRegion = en;
			hasScannedForEncodings = 0;
			knownRegions = (
				en,
				Base,
			);
			mainGroup = 79B155E7282779DF009D9B0C;
			productRefGroup = 79B155F1282779DF009D9B0C /* Products */;
			projectDirPath = "";
			projectRoot = "";
			targets = (
				79B155EF282779DF009D9B0C /* z01_swiftui_coredata_crud */,
			);
		};
/* End PBXProject section */

/* Begin PBXResourcesBuildPhase section */
		79B155EE282779DF009D9B0C /* Resources */ = {
			isa = PBXResourcesBuildPhase;
			buildActionMask = 2147483647;
			files = (
				79B155FB282779E0009D9B0C /* Preview Assets.xcassets in Resources */,
				79B155F8282779E0009D9B0C /* Assets.xcassets in Resources */,
			);
			runOnlyForDeploymentPostprocessing = 0;
		};
/* End PBXResourcesBuildPhase section */

/* Begin PBXSourcesBuildPhase section */
		79B155EC282779DF009D9B0C /* Sources */ = {
			isa = PBXSourcesBuildPhase;
			buildActionMask = 2147483647;
			files = (
				79B155FD282779E0009D9B0C /* Persistence.swift in Sources */,
				79B155F6282779DF009D9B0C /* ContentView.swift in Sources */,
				79EEC7172827837E00D69CB2 /* test03.xcdatamodeld in Sources */,
				79B155F4282779DF009D9B0C /* z01_swiftui_coredata_crudApp.swift in Sources */,
			);
			runOnlyForDeploymentPostprocessing = 0;
		};
/* End PBXSourcesBuildPhase section */

/* Begin XCBuildConfiguration section */
		79B15601282779E0009D9B0C /* Debug */ = {
			isa = XCBuildConfiguration;
			buildSettings = {
				ALWAYS_SEARCH_USER_PATHS = NO;
				CLANG_ANALYZER_NONNULL = YES;
				CLANG_ANALYZER_NUMBER_OBJECT_CONVERSION = YES_AGGRESSIVE;
				CLANG_CXX_LANGUAGE_STANDARD = "gnu++17";
				CLANG_CXX_LIBRARY = "libc++";
				CLANG_ENABLE_MODULES = YES;
				CLANG_ENABLE_OBJC_ARC = YES;
				CLANG_ENABLE_OBJC_WEAK = YES;
				CLANG_WARN_BLOCK_CAPTURE_AUTORELEASING = YES;
				CLANG_WARN_BOOL_CONVERSION = YES;
				CLANG_WARN_COMMA = YES;
				CLANG_WARN_CONSTANT_CONVERSION = YES;
				CLANG_WARN_DEPRECATED_OBJC_IMPLEMENTATIONS = YES;
				CLANG_WARN_DIRECT_OBJC_ISA_USAGE = YES_ERROR;
				CLANG_WARN_DOCUMENTATION_COMMENTS = YES;
				CLANG_WARN_EMPTY_BODY = YES;
				CLANG_WARN_ENUM_CONVERSION = YES;
				CLANG_WARN_INFINITE_RECURSION = YES;
				CLANG_WARN_INT_CONVERSION = YES;
				CLANG_WARN_NON_LITERAL_NULL_CONVERSION = YES;
				CLANG_WARN_OBJC_IMPLICIT_RETAIN_SELF = YES;
				CLANG_WARN_OBJC_LITERAL_CONVERSION = YES;
				CLANG_WARN_OBJC_ROOT_CLASS = YES_ERROR;
				CLANG_WARN_QUOTED_INCLUDE_IN_FRAMEWORK_HEADER = YES;
				CLANG_WARN_RANGE_LOOP_ANALYSIS = YES;
				CLANG_WARN_STRICT_PROTOTYPES = YES;
				CLANG_WARN_SUSPICIOUS_MOVE = YES;
				CLANG_WARN_UNGUARDED_AVAILABILITY = YES_AGGRESSIVE;
				CLANG_WARN_UNREACHABLE_CODE = YES;
				CLANG_WARN__DUPLICATE_METHOD_MATCH = YES;
				COPY_PHASE_STRIP = NO;
				DEBUG_INFORMATION_FORMAT = dwarf;
				ENABLE_STRICT_OBJC_MSGSEND = YES;
				ENABLE_TESTABILITY = YES;
				GCC_C_LANGUAGE_STANDARD = gnu11;
				GCC_DYNAMIC_NO_PIC = NO;
				GCC_NO_COMMON_BLOCKS = YES;
				GCC_OPTIMIZATION_LEVEL = 0;
				GCC_PREPROCESSOR_DEFINITIONS = (
					"DEBUG=1",
					"$(inherited)",
				);
				GCC_WARN_64_TO_32_BIT_CONVERSION = YES;
				GCC_WARN_ABOUT_RETURN_TYPE = YES_ERROR;
				GCC_WARN_UNDECLARED_SELECTOR = YES;
				GCC_WARN_UNINITIALIZED_AUTOS = YES_AGGRESSIVE;
				GCC_WARN_UNUSED_FUNCTION = YES;
				GCC_WARN_UNUSED_VARIABLE = YES;
				IPHONEOS_DEPLOYMENT_TARGET = 15.2;
				MTL_ENABLE_DEBUG_INFO = INCLUDE_SOURCE;
				MTL_FAST_MATH = YES;
				ONLY_ACTIVE_ARCH = YES;
				SDKROOT = iphoneos;
				SWIFT_ACTIVE_COMPILATION_CONDITIONS = DEBUG;
				SWIFT_OPTIMIZATION_LEVEL = "-Onone";
			};
			name = Debug;
		};
		79B15602282779E0009D9B0C /* Release */ = {
			isa = XCBuildConfiguration;
			buildSettings = {
				ALWAYS_SEARCH_USER_PATHS = NO;
				CLANG_ANALYZER_NONNULL = YES;
				CLANG_ANALYZER_NUMBER_OBJECT_CONVERSION = YES_AGGRESSIVE;
				CLANG_CXX_LANGUAGE_STANDARD = "gnu++17";
				CLANG_CXX_LIBRARY = "libc++";
				CLANG_ENABLE_MODULES = YES;
				CLANG_ENABLE_OBJC_ARC = YES;
				CLANG_ENABLE_OBJC_WEAK = YES;
				CLANG_WARN_BLOCK_CAPTURE_AUTORELEASING = YES;
				CLANG_WARN_BOOL_CONVERSION = YES;
				CLANG_WARN_COMMA = YES;
				CLANG_WARN_CONSTANT_CONVERSION = YES;
				CLANG_WARN_DEPRECATED_OBJC_IMPLEMENTATIONS = YES;
				CLANG_WARN_DIRECT_OBJC_ISA_USAGE = YES_ERROR;
				CLANG_WARN_DOCUMENTATION_COMMENTS = YES;
				CLANG_WARN_EMPTY_BODY = YES;
				CLANG_WARN_ENUM_CONVERSION = YES;
				CLANG_WARN_INFINITE_RECURSION = YES;
				CLANG_WARN_INT_CONVERSION = YES;
				CLANG_WARN_NON_LITERAL_NULL_CONVERSION = YES;
				CLANG_WARN_OBJC_IMPLICIT_RETAIN_SELF = YES;
				CLANG_WARN_OBJC_LITERAL_CONVERSION = YES;
				CLANG_WARN_OBJC_ROOT_CLASS = YES_ERROR;
				CLANG_WARN_QUOTED_INCLUDE_IN_FRAMEWORK_HEADER = YES;
				CLANG_WARN_RANGE_LOOP_ANALYSIS = YES;
				CLANG_WARN_STRICT_PROTOTYPES = YES;
				CLANG_WARN_SUSPICIOUS_MOVE = YES;
				CLANG_WARN_UNGUARDED_AVAILABILITY = YES_AGGRESSIVE;
				CLANG_WARN_UNREACHABLE_CODE = YES;
				CLANG_WARN__DUPLICATE_METHOD_MATCH = YES;
				COPY_PHASE_STRIP = NO;
				DEBUG_INFORMATION_FORMAT = "dwarf-with-dsym";
				ENABLE_NS_ASSERTIONS = NO;
				ENABLE_STRICT_OBJC_MSGSEND = YES;
				GCC_C_LANGUAGE_STANDARD = gnu11;
				GCC_NO_COMMON_BLOCKS = YES;
				GCC_WARN_64_TO_32_BIT_CONVERSION = YES;
				GCC_WARN_ABOUT_RETURN_TYPE = YES_ERROR;
				GCC_WARN_UNDECLARED_SELECTOR = YES;
				GCC_WARN_UNINITIALIZED_AUTOS = YES_AGGRESSIVE;
				GCC_WARN_UNUSED_FUNCTION = YES;
				GCC_WARN_UNUSED_VARIABLE = YES;
				IPHONEOS_DEPLOYMENT_TARGET = 15.2;
				MTL_ENABLE_DEBUG_INFO = NO;
				MTL_FAST_MATH = YES;
				SDKROOT = iphoneos;
				SWIFT_COMPILATION_MODE = wholemodule;
				SWIFT_OPTIMIZATION_LEVEL = "-O";
				VALIDATE_PRODUCT = YES;
			};
			name = Release;
		};
		79B15604282779E0009D9B0C /* Debug */ = {
			isa = XCBuildConfiguration;
			buildSettings = {
				ASSETCATALOG_COMPILER_APPICON_NAME = AppIcon;
				ASSETCATALOG_COMPILER_GLOBAL_ACCENT_COLOR_NAME = AccentColor;
				CODE_SIGN_STYLE = Automatic;
				CURRENT_PROJECT_VERSION = 1;
				DEVELOPMENT_ASSET_PATHS = "\"z01_swiftui_coredata_crud/Preview Content\"";
				DEVELOPMENT_TEAM = 2QTK5HPG42;
				ENABLE_PREVIEWS = YES;
				GENERATE_INFOPLIST_FILE = YES;
				INFOPLIST_KEY_UIApplicationSceneManifest_Generation = YES;
				INFOPLIST_KEY_UIApplicationSupportsIndirectInputEvents = YES;
				INFOPLIST_KEY_UILaunchScreen_Generation = YES;
				INFOPLIST_KEY_UISupportedInterfaceOrientations_iPad = "UIInterfaceOrientationPortrait UIInterfaceOrientationPortraitUpsideDown UIInterfaceOrientationLandscapeLeft UIInterfaceOrientationLandscapeRight";
				INFOPLIST_KEY_UISupportedInterfaceOrientations_iPhone = "UIInterfaceOrientationPortrait UIInterfaceOrientationLandscapeLeft UIInterfaceOrientationLandscapeRight";
				LD_RUNPATH_SEARCH_PATHS = (
					"$(inherited)",
					"@executable_path/Frameworks",
				);
				MARKETING_VERSION = 1.0;
				PRODUCT_BUNDLE_IDENTIFIER = "com.yl.z01-swiftui-coredata-crud";
				PRODUCT_NAME = "$(TARGET_NAME)";
				SWIFT_EMIT_LOC_STRINGS = YES;
				SWIFT_VERSION = 5.0;
				TARGETED_DEVICE_FAMILY = "1,2";
			};
			name = Debug;
		};
		79B15605282779E0009D9B0C /* Release */ = {
			isa = XCBuildConfiguration;
			buildSettings = {
				ASSETCATALOG_COMPILER_APPICON_NAME = AppIcon;
				ASSETCATALOG_COMPILER_GLOBAL_ACCENT_COLOR_NAME = AccentColor;
				CODE_SIGN_STYLE = Automatic;
				CURRENT_PROJECT_VERSION = 1;
				DEVELOPMENT_ASSET_PATHS = "\"z01_swiftui_coredata_crud/Preview Content\"";
				DEVELOPMENT_TEAM = 2QTK5HPG42;
				ENABLE_PREVIEWS = YES;
				GENERATE_INFOPLIST_FILE = YES;
				INFOPLIST_KEY_UIApplicationSceneManifest_Generation = YES;
				INFOPLIST_KEY_UIApplicationSupportsIndirectInputEvents = YES;
				INFOPLIST_KEY_UILaunchScreen_Generation = YES;
				INFOPLIST_KEY_UISupportedInterfaceOrientations_iPad = "UIInterfaceOrientationPortrait UIInterfaceOrientationPortraitUpsideDown UIInterfaceOrientationLandscapeLeft UIInterfaceOrientationLandscapeRight";
				INFOPLIST_KEY_UISupportedInterfaceOrientations_iPhone = "UIInterfaceOrientationPortrait UIInterfaceOrientationLandscapeLeft UIInterfaceOrientationLandscapeRight";
				LD_RUNPATH_SEARCH_PATHS = (
					"$(inherited)",
					"@executable_path/Frameworks",
				);
				MARKETING_VERSION = 1.0;
				PRODUCT_BUNDLE_IDENTIFIER = "com.yl.z01-swiftui-coredata-crud";
				PRODUCT_NAME = "$(TARGET_NAME)";
				SWIFT_EMIT_LOC_STRINGS = YES;
				SWIFT_VERSION = 5.0;
				TARGETED_DEVICE_FAMILY = "1,2";
			};
			name = Release;
		};
/* End XCBuildConfiguration section */

/* Begin XCConfigurationList section */
		79B155EB282779DF009D9B0C /* Build configuration list for PBXProject "z01_swiftui_coredata_crud" */ = {
			isa = XCConfigurationList;
			buildConfigurations = (
				79B15601282779E0009D9B0C /* Debug */,
				79B15602282779E0009D9B0C /* Release */,
			);
			defaultConfigurationIsVisible = 0;
			defaultConfigurationName = Release;
		};
		79B15603282779E0009D9B0C /* Build configuration list for PBXNativeTarget "z01_swiftui_coredata_crud" */ = {
			isa = XCConfigurationList;
			buildConfigurations = (
				79B15604282779E0009D9B0C /* Debug */,
				79B15605282779E0009D9B0C /* Release */,
			);
			defaultConfigurationIsVisible = 0;
			defaultConfigurationName = Release;
		};
/* End XCConfigurationList section */

/* Begin XCVersionGroup section */
		79EEC7152827837E00D69CB2 /* test03.xcdatamodeld */ = {
			isa = XCVersionGroup;
			children = (
				79EEC7162827837E00D69CB2 /* test03.xcdatamodel */,
			);
			currentVersion = 79EEC7162827837E00D69CB2 /* test03.xcdatamodel */;
			path = test03.xcdatamodeld;
			sourceTree = "<group>";
			versionGroupType = wrapper.xcdatamodel;
		};
/* End XCVersionGroup section */
	};
	rootObject = 79B155E8282779DF009D9B0C /* Project object */;
}
